// !$*UTF8*$!
{
	archiveVersion = 1;
	classes = {
	};
	objectVersion = 77;
	objects = {

/* Begin PBXBuildFile section */
		013F4527A10AEF91C682C06E /* LoginView.swift in Sources */ = {isa = PBXBuildFile; fileRef = 092A3B6DDEAE95871DABB253 /* LoginView.swift */; };
		04C1E641012B45A98CFB6C0F /* CloudAPIClient+Digest.swift in Sources */ = {isa = PBXBuildFile; fileRef = 0F86440397C4BCD851D59AE4 /* CloudAPIClient+Digest.swift */; };
		0999F5B612F83B3E0878F47F /* KordiShareExtension.appex in Embed Foundation Extensions */ = {isa = PBXBuildFile; fileRef = CF2ED6EF5EAC14BB658712DE /* KordiShareExtension.appex */; settings = {ATTRIBUTES = (RemoveHeadersOnCopy, ); }; };
		09DEA8E88AEA560303FBB07B /* ShareExtensionAPI.swift in Sources */ = {isa = PBXBuildFile; fileRef = 8F01AB264A8FBD300AF8A544 /* ShareExtensionAPI.swift */; };
		0AE339A604A15C66AF7F3BFA /* CompanionChatPanelTests.swift in Sources */ = {isa = PBXBuildFile; fileRef = 8D777A5F9528D93CB115E881 /* CompanionChatPanelTests.swift */; };
		0B72A6AC80380063ABDC7755 /* AgentSessionPresentationTests.swift in Sources */ = {isa = PBXBuildFile; fileRef = B8907D09B7736B6EBC799138 /* AgentSessionPresentationTests.swift */; };
		0CCA0D9E4453616087A1C935 /* ShareExtensionSupportTests.swift in Sources */ = {isa = PBXBuildFile; fileRef = E82504028486B67BF05F7A51 /* ShareExtensionSupportTests.swift */; };
		0D697B51F119F58F2297E35F /* GroupSessionListView.swift in Sources */ = {isa = PBXBuildFile; fileRef = 95CE270CEA87A8CE6D97F559 /* GroupSessionListView.swift */; };
		0FCC9220F6A589D7DEA8B2DD /* CloudModels.swift in Sources */ = {isa = PBXBuildFile; fileRef = F5F1853F7027097BBC718478 /* CloudModels.swift */; };
		12A04863D661AF2255724438 /* IdentityAvatar.swift in Sources */ = {isa = PBXBuildFile; fileRef = 844BA3411A7748BF0EA7F6B3 /* IdentityAvatar.swift */; };
		12DF1537FF5C73FEE11B47E8 /* CloudMessageStateProjectorTests.swift in Sources */ = {isa = PBXBuildFile; fileRef = DA243B6979BEEBADE478E33E /* CloudMessageStateProjectorTests.swift */; };
		15542F77BD47FB38853E0818 /* PhotoImageEditor.swift in Sources */ = {isa = PBXBuildFile; fileRef = F6A1B174CA85A5F4F5E0AC15 /* PhotoImageEditor.swift */; };
		16130E0686D6373A72FC4A54 /* ProviderAuthentication.swift in Sources */ = {isa = PBXBuildFile; fileRef = FD490ECA738742A1C27BD23C /* ProviderAuthentication.swift */; };
		1AC36BD7EB5D806BCCE18ABB /* AttachmentTransfer.swift in Sources */ = {isa = PBXBuildFile; fileRef = 5DC2D15EF36CFC29FD9543A9 /* AttachmentTransfer.swift */; };
		22FD5537E5971AE522153A54 /* ComposerMentionTargetCatalog.swift in Sources */ = {isa = PBXBuildFile; fileRef = 8048284446BA610E82C18CAC /* ComposerMentionTargetCatalog.swift */; };
		237035D2841A8F001F917D78 /* ComposerMentionMenuTests.swift in Sources */ = {isa = PBXBuildFile; fileRef = 935EFE99E0807E1CF8BE8FA7 /* ComposerMentionMenuTests.swift */; };
		2494E85EDBBFE73065C88EE9 /* DigestMonthGrid.swift in Sources */ = {isa = PBXBuildFile; fileRef = FB201FE56A48A0CC09D85718 /* DigestMonthGrid.swift */; };
		24B04F393F9914AE090558CD /* VoiceMessageTests.swift in Sources */ = {isa = PBXBuildFile; fileRef = 466213B0B64F8844554C358D /* VoiceMessageTests.swift */; };
		25A57BAD54F45B4716B3079D /* MessageActionSheets.swift in Sources */ = {isa = PBXBuildFile; fileRef = DF5E40C4B38433BB725BE9EB /* MessageActionSheets.swift */; };
		26FDD82F4C9E9FD13BF29576 /* CloudDirectMessageProjector.swift in Sources */ = {isa = PBXBuildFile; fileRef = 3EB18EB4C7CB33187DFB7840 /* CloudDirectMessageProjector.swift */; };
		278B300941EBC27D371383BC /* CloudDirectMessageProjectorTests.swift in Sources */ = {isa = PBXBuildFile; fileRef = 379A8A36CB77D9967CF63DAF /* CloudDirectMessageProjectorTests.swift */; };
		288EF6D4D32F00F41E0754A5 /* MediaPreviewView.swift in Sources */ = {isa = PBXBuildFile; fileRef = B05863F065BA138C9337DF7F /* MediaPreviewView.swift */; };
		29FCDC50AB216E5B75E180D2 /* CloudModelDecodingTests.swift in Sources */ = {isa = PBXBuildFile; fileRef = B37C62BFC4F16FEF6200E1C5 /* CloudModelDecodingTests.swift */; };
		2C53AF75CAAAF7EE89EBB4D5 /* digest in Resources */ = {isa = PBXBuildFile; fileRef = 550693FD7A7EA1FD3CC21330 /* digest */; };
		2CE57FDD21E960A9636D7824 /* PhotoImageEditing.swift in Sources */ = {isa = PBXBuildFile; fileRef = AFC9BC36305D732953A99687 /* PhotoImageEditing.swift */; };
		2E4333FCFA2A1DA835345DE6 /* AppModel.swift in Sources */ = {isa = PBXBuildFile; fileRef = 8468E1A2764A8C92164AD82E /* AppModel.swift */; };
		30FEB1CDE761F765B910D3C2 /* ShareExtensionSupport.swift in Sources */ = {isa = PBXBuildFile; fileRef = 0DE75382D6C8FA0FC7A711C7 /* ShareExtensionSupport.swift */; };
		3227AB9771198EA7FA8F3A2D /* ShareViewController.swift in Sources */ = {isa = PBXBuildFile; fileRef = 4283D70BD56B4D3DC3CF784D /* ShareViewController.swift */; };
		32C137290032D2F00A31C64C /* GroupSpaceRow.swift in Sources */ = {isa = PBXBuildFile; fileRef = 5B9E11311A379EEC4A924BB3 /* GroupSpaceRow.swift */; };
		3369E116205FF6BDB09AC162 /* LocalMessageStore.swift in Sources */ = {isa = PBXBuildFile; fileRef = 1381CF79C72E0D7F70A6AF27 /* LocalMessageStore.swift */; };
		35B9B24F661F5992EE4281EA /* MediaPreviewTests.swift in Sources */ = {isa = PBXBuildFile; fileRef = 4D3FAACD21D63BFA6A9455D5 /* MediaPreviewTests.swift */; };
		3721A0A2CC0167373FC6AD17 /* ShareExtensionSupport.swift in Sources */ = {isa = PBXBuildFile; fileRef = 0DE75382D6C8FA0FC7A711C7 /* ShareExtensionSupport.swift */; };
		384CEA6FD6D3803D7750D658 /* DigestCalendarService.swift in Sources */ = {isa = PBXBuildFile; fileRef = D6B70D03EA8C02F0F10917A6 /* DigestCalendarService.swift */; };
		3D7A4357454B74FB0D27E7C0 /* ProviderAuthenticationTests.swift in Sources */ = {isa = PBXBuildFile; fileRef = 5BAE23D56402398862849C56 /* ProviderAuthenticationTests.swift */; };
		3DECEFF6E4E2E1A3DDBA1B6E /* DigestImportView.swift in Sources */ = {isa = PBXBuildFile; fileRef = C0216215122D9CFCEADED62A /* DigestImportView.swift */; };
		44FF5E769C70CAA2FFF889C9 /* KordiApp.swift in Sources */ = {isa = PBXBuildFile; fileRef = 583A0B10599C4D4B56B397F3 /* KordiApp.swift */; };
		47B79CF9AA8EC25BDF7701E1 /* ChatMessage.swift in Sources */ = {isa = PBXBuildFile; fileRef = 4603ECC7913F5A0D715AC8F5 /* ChatMessage.swift */; };
		47E0196DA3B8D69E0C19162C /* SessionRuntimeRouteStore.swift in Sources */ = {isa = PBXBuildFile; fileRef = D8A0D4656EE35E183A198472 /* SessionRuntimeRouteStore.swift */; };
		4A886D02260191D4F6FD154E /* CloudGroupMessageCodecTests.swift in Sources */ = {isa = PBXBuildFile; fileRef = 12B4F4E132BAF9FF02E0EE58 /* CloudGroupMessageCodecTests.swift */; };
		4B2AACF2322CB489C28DB2C0 /* KeychainSessionStore.swift in Sources */ = {isa = PBXBuildFile; fileRef = 276E693EF06321E619FD4D1B /* KeychainSessionStore.swift */; };
		57C48DFB0681685E6BAA605D /* ShareExtensionView.swift in Sources */ = {isa = PBXBuildFile; fileRef = AC107DB5F8A72F207A0CCBC9 /* ShareExtensionView.swift */; };
		591D049BE5259BAF6555CCBC /* noto-emoji in Resources */ = {isa = PBXBuildFile; fileRef = 30170A4D2C1A1AF7B87BF136 /* noto-emoji */; };
		5FEE4877B559B162470420DE /* CloudConversationCatalogTests.swift in Sources */ = {isa = PBXBuildFile; fileRef = 44A3C66207D7BD48F04030BF /* CloudConversationCatalogTests.swift */; };
		6316C7A33ABEDDA7248784C4 /* CloudPresencePublisher.swift in Sources */ = {isa = PBXBuildFile; fileRef = C895B1E21D180A3B8DAC028C /* CloudPresencePublisher.swift */; };
		6370770F0FFF928CBAB4050A /* ComposerMentionMenu.swift in Sources */ = {isa = PBXBuildFile; fileRef = 46FD8ADA8B828FDECB16AB83 /* ComposerMentionMenu.swift */; };
		639C6A91B6609A01103013FB /* CloudMessageStateProjector.swift in Sources */ = {isa = PBXBuildFile; fileRef = 86F519E3E934E7F9675DA3B7 /* CloudMessageStateProjector.swift */; };
		66218B84FEF69BF454A03DFD /* KordiNotificationCoordinator.swift in Sources */ = {isa = PBXBuildFile; fileRef = BA78321DA07764D220886E90 /* KordiNotificationCoordinator.swift */; };
		688B8035C36DDCB0F8505288 /* AttachmentTransferTests.swift in Sources */ = {isa = PBXBuildFile; fileRef = A21B553E883C637AF55134AE /* AttachmentTransferTests.swift */; };
		6F2D0803E1F21DA091A51FF8 /* ComposerView.swift in Sources */ = {isa = PBXBuildFile; fileRef = F12ADFCB554A69C285C7F753 /* ComposerView.swift */; };
		715CD4AE535A1B1B2B6D4973 /* CloudWireCache.swift in Sources */ = {isa = PBXBuildFile; fileRef = 9D60F97D3355040D5CEBF231 /* CloudWireCache.swift */; };
		735940ACD507FDA270A98C8A /* SignupAvatarRenderer.swift in Sources */ = {isa = PBXBuildFile; fileRef = 7D8174EC8BFB7A84E06048DB /* SignupAvatarRenderer.swift */; };
		741F7D673A152CD924795AEF /* CloudOAuthSession.swift in Sources */ = {isa = PBXBuildFile; fileRef = 151CB7A492FFA22F02806ED0 /* CloudOAuthSession.swift */; };
		7563571CDD502AF81C834BFD /* PhotoSendReviewSheet.swift in Sources */ = {isa = PBXBuildFile; fileRef = 4341AB98A04360584EC3B4BD /* PhotoSendReviewSheet.swift */; };
		798E25FC71EFE3AFBBD92A56 /* CloudAPIClient.swift in Sources */ = {isa = PBXBuildFile; fileRef = 1891761174EB0D425725600A /* CloudAPIClient.swift */; };
		7DFA4853671269DDB4276A23 /* CompanionChatPanel.swift in Sources */ = {isa = PBXBuildFile; fileRef = 57000316D6B453E1690DA350 /* CompanionChatPanel.swift */; };
		801B1286BE27D9D500B36DE9 /* MessageLinkPreview.swift in Sources */ = {isa = PBXBuildFile; fileRef = D362AF4BAC14A082A9A6A849 /* MessageLinkPreview.swift */; };
		85F8CFC2AC23D0C91408C596 /* AttachmentFileStore.swift in Sources */ = {isa = PBXBuildFile; fileRef = B308FF37FF8E42CB0F5166D6 /* AttachmentFileStore.swift */; };
		88B8C4BC617FD7B9CE4EC7CC /* AgentModelSheet.swift in Sources */ = {isa = PBXBuildFile; fileRef = E218169E718634BB75B216F1 /* AgentModelSheet.swift */; };
		89AF5B2FC468A8F70E1699A7 /* AvatarIdentityTests.swift in Sources */ = {isa = PBXBuildFile; fileRef = 8DB852A1AC3BAABE284AC4D5 /* AvatarIdentityTests.swift */; };
		8AF4705D22CA6731B2670C42 /* MarkdownMessageContent.swift in Sources */ = {isa = PBXBuildFile; fileRef = C89A8FB63D5B1DFD7576809C /* MarkdownMessageContent.swift */; };
		8C8A23245680BF38E4E1B061 /* NotoEmoji.swift in Sources */ = {isa = PBXBuildFile; fileRef = FFFD604ABA6CBEE2041D4D75 /* NotoEmoji.swift */; };
		91099E8FCC57251BAB67570E /* CloudConversationCatalog.swift in Sources */ = {isa = PBXBuildFile; fileRef = 4DCEE1B4AB8ED2647728BD25 /* CloudConversationCatalog.swift */; };
		92BCC08B73719A9327774C68 /* BlobEmoji.swift in Sources */ = {isa = PBXBuildFile; fileRef = 0DB3A982982A43712453EAFF /* BlobEmoji.swift */; };
		9742C64E3D476EC0503A7C96 /* VoiceMessageView.swift in Sources */ = {isa = PBXBuildFile; fileRef = E5E0E98754E4D3E74B787C6A /* VoiceMessageView.swift */; };
		97FE7B56ED21F0CDBDC8AAEB /* DigestViewTests.swift in Sources */ = {isa = PBXBuildFile; fileRef = 568EBC3F7D9760AAD86C912C /* DigestViewTests.swift */; };
		9DA17B8588343C6733C7716B /* MessageBubble.swift in Sources */ = {isa = PBXBuildFile; fileRef = 5F7961C162F4B02B850937D4 /* MessageBubble.swift */; };
		9EBDED4D2D65304EE4A7A1C0 /* NewChatSheet.swift in Sources */ = {isa = PBXBuildFile; fileRef = D5E880660504E172537E8386 /* NewChatSheet.swift */; };
		A2391AAA58D3BB6B1CC01E45 /* RollingDigestModels.swift in Sources */ = {isa = PBXBuildFile; fileRef = 108123CCF91230E14EE21237 /* RollingDigestModels.swift */; };
		A3F37CFBB0C323F24BA953B4 /* SessionDetailSheet.swift in Sources */ = {isa = PBXBuildFile; fileRef = 5610E7F5FABA1874E1D24FFA /* SessionDetailSheet.swift */; };
		A424BE366BC650CB66FF21C5 /* MainTab.swift in Sources */ = {isa = PBXBuildFile; fileRef = BB91BDEC651C22090FBFCABA /* MainTab.swift */; };
		A4C1F2E013C0B39D0DF3E875 /* MessageSyncStatusView.swift in Sources */ = {isa = PBXBuildFile; fileRef = F1271CBD683255CC53FD1A07 /* MessageSyncStatusView.swift */; };
		A773B53EDC6BABED2ED8AB19 /* CallView.swift in Sources */ = {isa = PBXBuildFile; fileRef = 6400B908DF86EAAA6883C9B4 /* CallView.swift */; };
		A7D9800431A98277443048BB /* KordiMarkdownParserTests.swift in Sources */ = {isa = PBXBuildFile; fileRef = 274B3D971B28CFFC0EF77C13 /* KordiMarkdownParserTests.swift */; };
		A90F6112B48BF0BCAF72886B /* GroupSpaceSummary.swift in Sources */ = {isa = PBXBuildFile; fileRef = DDB063759C8072686227B4C1 /* GroupSpaceSummary.swift */; };
		ADAFE64FFE54941BDDDC6908 /* SessionRuntimeRouteStoreTests.swift in Sources */ = {isa = PBXBuildFile; fileRef = B7C0162644ADAD950961A3EF /* SessionRuntimeRouteStoreTests.swift */; };
		AF598700C5EE149CD1F16DD7 /* CameraImagePicker.swift in Sources */ = {isa = PBXBuildFile; fileRef = F7F1BB7067E03988558968A0 /* CameraImagePicker.swift */; };
		B390B8EDCC28336BF19EDCFD /* SessionFilesSheet.swift in Sources */ = {isa = PBXBuildFile; fileRef = B253DEC14935BAE03D80365F /* SessionFilesSheet.swift */; };
		B41CEC7F2405B39CDF400491 /* MediaCacheTests.swift in Sources */ = {isa = PBXBuildFile; fileRef = A8BE8ED2C03AEBF0EAA5F045 /* MediaCacheTests.swift */; };
		B5A4DEDE26C34B90346FAD9F /* ChatHomeView.swift in Sources */ = {isa = PBXBuildFile; fileRef = 958064210641FA020E27EF19 /* ChatHomeView.swift */; };
		BC01C5D7FB643F5F18C116FE /* blob-emoji in Resources */ = {isa = PBXBuildFile; fileRef = 3D5D26C1845AB19D9120CB8D /* blob-emoji */; };
		BE344377783EEB4A688EECBF /* ConversationRow.swift in Sources */ = {isa = PBXBuildFile; fileRef = A020F6E80156312C56FA7D0F /* ConversationRow.swift */; };
		BE7A0C420EAEE2B706EFF49E /* AppModel+Digest.swift in Sources */ = {isa = PBXBuildFile; fileRef = 2BD932A38840C17EA0B8EF01 /* AppModel+Digest.swift */; };
		BE821F4028CF8A3212755E16 /* KordiTheme.swift in Sources */ = {isa = PBXBuildFile; fileRef = BC2E075B7257EB94109FA940 /* KordiTheme.swift */; };
		C04E78ADA819629126E35CF0 /* VoiceMessageRecorder.swift in Sources */ = {isa = PBXBuildFile; fileRef = C0A87BEB6341F1E394022C91 /* VoiceMessageRecorder.swift */; };
		C43FBB268AD9D16808177E02 /* ConversationReadPresentationTests.swift in Sources */ = {isa = PBXBuildFile; fileRef = 9DCA28263C9542B2585C6820 /* ConversationReadPresentationTests.swift */; };
		C44AB4CDAC5B8D7F66D2F952 /* PreviewData.swift in Sources */ = {isa = PBXBuildFile; fileRef = B2B4B71699619CACFFD7AF71 /* PreviewData.swift */; };
		C6F07352981BFA43F316E7AA /* LocalMessageStoreTests.swift in Sources */ = {isa = PBXBuildFile; fileRef = 16C36C042F23DA97ABD30265 /* LocalMessageStoreTests.swift */; };
		C70D585973E462F22DE1259A /* AgentSessionPresentation.swift in Sources */ = {isa = PBXBuildFile; fileRef = 9191C934D4CD680DDA85704F /* AgentSessionPresentation.swift */; };
		C8BD24AA4D691A02181E4FB4 /* CloudMessageCodecTests.swift in Sources */ = {isa = PBXBuildFile; fileRef = 23CAA0002D51BCCCF6B07B66 /* CloudMessageCodecTests.swift */; };
		CE3B28D7B1662C11FCB93086 /* ConversationView.swift in Sources */ = {isa = PBXBuildFile; fileRef = 4021DE92BF82560F7905E214 /* ConversationView.swift */; };
		D0D50762EB040DB1DAB59C52 /* ExpressiveMediaPicker.swift in Sources */ = {isa = PBXBuildFile; fileRef = C2C10B9D09B7992549A6CE35 /* ExpressiveMediaPicker.swift */; };
		D4B22EFD2E1B14A28811D742 /* LiveKit in Frameworks */ = {isa = PBXBuildFile; productRef = 07939B8DB3FE481325EF13B3 /* LiveKit */; };
		D6E3FF1559CAAAE57EDC446B /* Assets.xcassets in Resources */ = {isa = PBXBuildFile; fileRef = 1A3A55FE7BDA62F4175A28D2 /* Assets.xcassets */; };
		D8DBAE5BA9E4237E34169C64 /* GroupManagementSheet.swift in Sources */ = {isa = PBXBuildFile; fileRef = 0B7E8E86F8830C031FE1EC87 /* GroupManagementSheet.swift */; };
		D9428E4F1B6772EBB490EFC9 /* CloudMessageCodec.swift in Sources */ = {isa = PBXBuildFile; fileRef = 1B208AC082D8D2E3AC98654A /* CloudMessageCodec.swift */; };
		DAF7778C91E57F2408A19698 /* AccountSheet.swift in Sources */ = {isa = PBXBuildFile; fileRef = D103773112752246FE1B75D5 /* AccountSheet.swift */; };
		DBF208CACDCDD3766655FEF7 /* KordiMark.swift in Sources */ = {isa = PBXBuildFile; fileRef = CEB09654088CAEF319E56FEC /* KordiMark.swift */; };
		DEAE54A65AF63D57C0DFF6CA /* CloudGroupMessageCodec.swift in Sources */ = {isa = PBXBuildFile; fileRef = F07103152F3015F0B24FEE45 /* CloudGroupMessageCodec.swift */; };
		DF513D18A9730F82DD79FECC /* KordiCallCoordinator.swift in Sources */ = {isa = PBXBuildFile; fileRef = 7650894957E5DBF2D39B673C /* KordiCallCoordinator.swift */; };
		E081B6CC1FCAF0B7E12CFDF6 /* AgentSessionRow.swift in Sources */ = {isa = PBXBuildFile; fileRef = 8AD0EB50947B85C39FEB9B7C /* AgentSessionRow.swift */; };
		E209B4E4DD968CF6AD4028E2 /* Conversation.swift in Sources */ = {isa = PBXBuildFile; fileRef = 87791B7244F602AE37144B7B /* Conversation.swift */; };
		E9903E8C12FFD9B876610EAC /* CloudWireCacheTests.swift in Sources */ = {isa = PBXBuildFile; fileRef = 45283A731378FF0892492602 /* CloudWireCacheTests.swift */; };
		EB453D88857B3296BE127B94 /* ContactsView.swift in Sources */ = {isa = PBXBuildFile; fileRef = 7057F708821F2D5D4A0AE795 /* ContactsView.swift */; };
		ECE80F15C5A972C2619BE107 /* DigestEditors.swift in Sources */ = {isa = PBXBuildFile; fileRef = 5DCB8DC1661FA97372B754E3 /* DigestEditors.swift */; };
		ED0D7936BFA2433311A7D3C3 /* NotoEmojiTests.swift in Sources */ = {isa = PBXBuildFile; fileRef = E094A05643A2F44276E4EF06 /* NotoEmojiTests.swift */; };
		ED22FF9AFFB08C5A52F41716 /* ComposerMentionTargetCatalogTests.swift in Sources */ = {isa = PBXBuildFile; fileRef = EFB88FF6B392D071AA24EB46 /* ComposerMentionTargetCatalogTests.swift */; };
		F01AE74E96BE2C02909E7D28 /* KordiAppEnvironment.swift in Sources */ = {isa = PBXBuildFile; fileRef = FC40CA44539DE969C3129E9B /* KordiAppEnvironment.swift */; };
		F4F1CE25C621F59E5EA38FC9 /* DigestView.swift in Sources */ = {isa = PBXBuildFile; fileRef = 96042CF63F22D2ED8FFE8C1E /* DigestView.swift */; };
		F72232A5E55E5DDBF7C08493 /* KordiAppEnvironmentTests.swift in Sources */ = {isa = PBXBuildFile; fileRef = 1B3BED33D4A29116EAD073A0 /* KordiAppEnvironmentTests.swift */; };
		F7D2FBC93887F75BCDF18D61 /* ConversationInitialLoadingView.swift in Sources */ = {isa = PBXBuildFile; fileRef = 8E3BB5862C5807A1AD1244A0 /* ConversationInitialLoadingView.swift */; };
		FD5B3FEC4C203C259378AB38 /* CloudOAuthCallbackTests.swift in Sources */ = {isa = PBXBuildFile; fileRef = B8A9FFC456D58053BB00863A /* CloudOAuthCallbackTests.swift */; };
/* End PBXBuildFile section */

/* Begin PBXContainerItemProxy section */
		6BB5479F0B7A82FBCEDBE99A /* PBXContainerItemProxy */ = {
			isa = PBXContainerItemProxy;
			containerPortal = 2B713D82C9E5176BF299CFD8 /* Project object */;
			proxyType = 1;
			remoteGlobalIDString = D5F4FA76E42E729EF0631448;
			remoteInfo = Kordi;
		};
		9EAA3CCB7C9725B0B2AB98EF /* PBXContainerItemProxy */ = {
			isa = PBXContainerItemProxy;
			containerPortal = 2B713D82C9E5176BF299CFD8 /* Project object */;
			proxyType = 1;
			remoteGlobalIDString = FEC52B16CB2A21DB78546D16;
			remoteInfo = KordiShareExtension;
		};
/* End PBXContainerItemProxy section */

/* Begin PBXCopyFilesBuildPhase section */
		108895A63222CFC41EE70E90 /* Embed Foundation Extensions */ = {
			isa = PBXCopyFilesBuildPhase;
			buildActionMask = 2147483647;
			dstPath = "";
			dstSubfolderSpec = 13;
			files = (
				0999F5B612F83B3E0878F47F /* KordiShareExtension.appex in Embed Foundation Extensions */,
			);
			name = "Embed Foundation Extensions";
			runOnlyForDeploymentPostprocessing = 0;
		};
/* End PBXCopyFilesBuildPhase section */

/* Begin PBXFileReference section */
		092A3B6DDEAE95871DABB253 /* LoginView.swift */ = {isa = PBXFileReference; lastKnownFileType = sourcecode.swift; path = LoginView.swift; sourceTree = "<group>"; };
		0B7E8E86F8830C031FE1EC87 /* GroupManagementSheet.swift */ = {isa = PBXFileReference; lastKnownFileType = sourcecode.swift; path = GroupManagementSheet.swift; sourceTree = "<group>"; };
		0DB3A982982A43712453EAFF /* BlobEmoji.swift */ = {isa = PBXFileReference; lastKnownFileType = sourcecode.swift; path = BlobEmoji.swift; sourceTree = "<group>"; };
		0DE75382D6C8FA0FC7A711C7 /* ShareExtensionSupport.swift */ = {isa = PBXFileReference; lastKnownFileType = sourcecode.swift; path = ShareExtensionSupport.swift; sourceTree = "<group>"; };
		0F86440397C4BCD851D59AE4 /* CloudAPIClient+Digest.swift */ = {isa = PBXFileReference; lastKnownFileType = sourcecode.swift; path = "CloudAPIClient+Digest.swift"; sourceTree = "<group>"; };
		108123CCF91230E14EE21237 /* RollingDigestModels.swift */ = {isa = PBXFileReference; lastKnownFileType = sourcecode.swift; path = RollingDigestModels.swift; sourceTree = "<group>"; };
		12B4F4E132BAF9FF02E0EE58 /* CloudGroupMessageCodecTests.swift */ = {isa = PBXFileReference; lastKnownFileType = sourcecode.swift; path = CloudGroupMessageCodecTests.swift; sourceTree = "<group>"; };
		1381CF79C72E0D7F70A6AF27 /* LocalMessageStore.swift */ = {isa = PBXFileReference; lastKnownFileType = sourcecode.swift; path = LocalMessageStore.swift; sourceTree = "<group>"; };
		151CB7A492FFA22F02806ED0 /* CloudOAuthSession.swift */ = {isa = PBXFileReference; lastKnownFileType = sourcecode.swift; path = CloudOAuthSession.swift; sourceTree = "<group>"; };
		16C36C042F23DA97ABD30265 /* LocalMessageStoreTests.swift */ = {isa = PBXFileReference; lastKnownFileType = sourcecode.swift; path = LocalMessageStoreTests.swift; sourceTree = "<group>"; };
		1891761174EB0D425725600A /* CloudAPIClient.swift */ = {isa = PBXFileReference; lastKnownFileType = sourcecode.swift; path = CloudAPIClient.swift; sourceTree = "<group>"; };
		1A3A55FE7BDA62F4175A28D2 /* Assets.xcassets */ = {isa = PBXFileReference; lastKnownFileType = folder.assetcatalog; path = Assets.xcassets; sourceTree = "<group>"; };
		1B208AC082D8D2E3AC98654A /* CloudMessageCodec.swift */ = {isa = PBXFileReference; lastKnownFileType = sourcecode.swift; path = CloudMessageCodec.swift; sourceTree = "<group>"; };
		1B3BED33D4A29116EAD073A0 /* KordiAppEnvironmentTests.swift */ = {isa = PBXFileReference; lastKnownFileType = sourcecode.swift; path = KordiAppEnvironmentTests.swift; sourceTree = "<group>"; };
		23CAA0002D51BCCCF6B07B66 /* CloudMessageCodecTests.swift */ = {isa = PBXFileReference; lastKnownFileType = sourcecode.swift; path = CloudMessageCodecTests.swift; sourceTree = "<group>"; };
		274B3D971B28CFFC0EF77C13 /* KordiMarkdownParserTests.swift */ = {isa = PBXFileReference; lastKnownFileType = sourcecode.swift; path = KordiMarkdownParserTests.swift; sourceTree = "<group>"; };
		276E693EF06321E619FD4D1B /* KeychainSessionStore.swift */ = {isa = PBXFileReference; lastKnownFileType = sourcecode.swift; path = KeychainSessionStore.swift; sourceTree = "<group>"; };
		2BD932A38840C17EA0B8EF01 /* AppModel+Digest.swift */ = {isa = PBXFileReference; lastKnownFileType = sourcecode.swift; path = "AppModel+Digest.swift"; sourceTree = "<group>"; };
		30170A4D2C1A1AF7B87BF136 /* noto-emoji */ = {isa = PBXFileReference; lastKnownFileType = folder; name = "noto-emoji"; path = "Kordi/Resources/noto-emoji"; sourceTree = SOURCE_ROOT; };
		379A8A36CB77D9967CF63DAF /* CloudDirectMessageProjectorTests.swift */ = {isa = PBXFileReference; lastKnownFileType = sourcecode.swift; path = CloudDirectMessageProjectorTests.swift; sourceTree = "<group>"; };
		3D5D26C1845AB19D9120CB8D /* blob-emoji */ = {isa = PBXFileReference; lastKnownFileType = folder; name = "blob-emoji"; path = "Kordi/Resources/blob-emoji"; sourceTree = SOURCE_ROOT; };
		3EB18EB4C7CB33187DFB7840 /* CloudDirectMessageProjector.swift */ = {isa = PBXFileReference; lastKnownFileType = sourcecode.swift; path = CloudDirectMessageProjector.swift; sourceTree = "<group>"; };
		4021DE92BF82560F7905E214 /* ConversationView.swift */ = {isa = PBXFileReference; lastKnownFileType = sourcecode.swift; path = ConversationView.swift; sourceTree = "<group>"; };
		4283D70BD56B4D3DC3CF784D /* ShareViewController.swift */ = {isa = PBXFileReference; lastKnownFileType = sourcecode.swift; path = ShareViewController.swift; sourceTree = "<group>"; };
		4341AB98A04360584EC3B4BD /* PhotoSendReviewSheet.swift */ = {isa = PBXFileReference; lastKnownFileType = sourcecode.swift; path = PhotoSendReviewSheet.swift; sourceTree = "<group>"; };
		44A3C66207D7BD48F04030BF /* CloudConversationCatalogTests.swift */ = {isa = PBXFileReference; lastKnownFileType = sourcecode.swift; path = CloudConversationCatalogTests.swift; sourceTree = "<group>"; };
		44C7E9E4C6857663B73F5B81 /* KordiShareExtension.entitlements */ = {isa = PBXFileReference; lastKnownFileType = text.plist.entitlements; path = KordiShareExtension.entitlements; sourceTree = "<group>"; };
		45283A731378FF0892492602 /* CloudWireCacheTests.swift */ = {isa = PBXFileReference; lastKnownFileType = sourcecode.swift; path = CloudWireCacheTests.swift; sourceTree = "<group>"; };
		4603ECC7913F5A0D715AC8F5 /* ChatMessage.swift */ = {isa = PBXFileReference; lastKnownFileType = sourcecode.swift; path = ChatMessage.swift; sourceTree = "<group>"; };
		466213B0B64F8844554C358D /* VoiceMessageTests.swift */ = {isa = PBXFileReference; lastKnownFileType = sourcecode.swift; path = VoiceMessageTests.swift; sourceTree = "<group>"; };
		46FD8ADA8B828FDECB16AB83 /* ComposerMentionMenu.swift */ = {isa = PBXFileReference; lastKnownFileType = sourcecode.swift; path = ComposerMentionMenu.swift; sourceTree = "<group>"; };
		4D3FAACD21D63BFA6A9455D5 /* MediaPreviewTests.swift */ = {isa = PBXFileReference; lastKnownFileType = sourcecode.swift; path = MediaPreviewTests.swift; sourceTree = "<group>"; };
		4DCEE1B4AB8ED2647728BD25 /* CloudConversationCatalog.swift */ = {isa = PBXFileReference; lastKnownFileType = sourcecode.swift; path = CloudConversationCatalog.swift; sourceTree = "<group>"; };
		550693FD7A7EA1FD3CC21330 /* digest */ = {isa = PBXFileReference; lastKnownFileType = folder; name = digest; path = ../../shared/digest; sourceTree = SOURCE_ROOT; };
		5610E7F5FABA1874E1D24FFA /* SessionDetailSheet.swift */ = {isa = PBXFileReference; lastKnownFileType = sourcecode.swift; path = SessionDetailSheet.swift; sourceTree = "<group>"; };
		568EBC3F7D9760AAD86C912C /* DigestViewTests.swift */ = {isa = PBXFileReference; lastKnownFileType = sourcecode.swift; path = DigestViewTests.swift; sourceTree = "<group>"; };
		57000316D6B453E1690DA350 /* CompanionChatPanel.swift */ = {isa = PBXFileReference; lastKnownFileType = sourcecode.swift; path = CompanionChatPanel.swift; sourceTree = "<group>"; };
		583A0B10599C4D4B56B397F3 /* KordiApp.swift */ = {isa = PBXFileReference; lastKnownFileType = sourcecode.swift; path = KordiApp.swift; sourceTree = "<group>"; };
		5B9E11311A379EEC4A924BB3 /* GroupSpaceRow.swift */ = {isa = PBXFileReference; lastKnownFileType = sourcecode.swift; path = GroupSpaceRow.swift; sourceTree = "<group>"; };
		5BAE23D56402398862849C56 /* ProviderAuthenticationTests.swift */ = {isa = PBXFileReference; lastKnownFileType = sourcecode.swift; path = ProviderAuthenticationTests.swift; sourceTree = "<group>"; };
		5DC2D15EF36CFC29FD9543A9 /* AttachmentTransfer.swift */ = {isa = PBXFileReference; lastKnownFileType = sourcecode.swift; path = AttachmentTransfer.swift; sourceTree = "<group>"; };
		5DCB8DC1661FA97372B754E3 /* DigestEditors.swift */ = {isa = PBXFileReference; lastKnownFileType = sourcecode.swift; path = DigestEditors.swift; sourceTree = "<group>"; };
		5F7961C162F4B02B850937D4 /* MessageBubble.swift */ = {isa = PBXFileReference; lastKnownFileType = sourcecode.swift; path = MessageBubble.swift; sourceTree = "<group>"; };
		63AC02B591615C13AB59E1FE /* Kordi.entitlements */ = {isa = PBXFileReference; lastKnownFileType = text.plist.entitlements; path = Kordi.entitlements; sourceTree = "<group>"; };
		6400B908DF86EAAA6883C9B4 /* CallView.swift */ = {isa = PBXFileReference; lastKnownFileType = sourcecode.swift; path = CallView.swift; sourceTree = "<group>"; };
		7057F708821F2D5D4A0AE795 /* ContactsView.swift */ = {isa = PBXFileReference; lastKnownFileType = sourcecode.swift; path = ContactsView.swift; sourceTree = "<group>"; };
		73E9A6AE6D5175756B1A3A62 /* Info.plist */ = {isa = PBXFileReference; lastKnownFileType = text.plist; path = Info.plist; sourceTree = "<group>"; };
		758049F3F18473348374B2D9 /* KordiTests.xctest */ = {isa = PBXFileReference; includeInIndex = 0; lastKnownFileType = wrapper.cfbundle; path = KordiTests.xctest; sourceTree = BUILT_PRODUCTS_DIR; };
		7650894957E5DBF2D39B673C /* KordiCallCoordinator.swift */ = {isa = PBXFileReference; lastKnownFileType = sourcecode.swift; path = KordiCallCoordinator.swift; sourceTree = "<group>"; };
		7D8174EC8BFB7A84E06048DB /* SignupAvatarRenderer.swift */ = {isa = PBXFileReference; lastKnownFileType = sourcecode.swift; path = SignupAvatarRenderer.swift; sourceTree = "<group>"; };
		8048284446BA610E82C18CAC /* ComposerMentionTargetCatalog.swift */ = {isa = PBXFileReference; lastKnownFileType = sourcecode.swift; path = ComposerMentionTargetCatalog.swift; sourceTree = "<group>"; };
		844BA3411A7748BF0EA7F6B3 /* IdentityAvatar.swift */ = {isa = PBXFileReference; lastKnownFileType = sourcecode.swift; path = IdentityAvatar.swift; sourceTree = "<group>"; };
		8468E1A2764A8C92164AD82E /* AppModel.swift */ = {isa = PBXFileReference; lastKnownFileType = sourcecode.swift; path = AppModel.swift; sourceTree = "<group>"; };
		86F519E3E934E7F9675DA3B7 /* CloudMessageStateProjector.swift */ = {isa = PBXFileReference; lastKnownFileType = sourcecode.swift; path = CloudMessageStateProjector.swift; sourceTree = "<group>"; };
		87791B7244F602AE37144B7B /* Conversation.swift */ = {isa = PBXFileReference; lastKnownFileType = sourcecode.swift; path = Conversation.swift; sourceTree = "<group>"; };
		8AD0EB50947B85C39FEB9B7C /* AgentSessionRow.swift */ = {isa = PBXFileReference; lastKnownFileType = sourcecode.swift; path = AgentSessionRow.swift; sourceTree = "<group>"; };
		8D777A5F9528D93CB115E881 /* CompanionChatPanelTests.swift */ = {isa = PBXFileReference; lastKnownFileType = sourcecode.swift; path = CompanionChatPanelTests.swift; sourceTree = "<group>"; };
		8DB852A1AC3BAABE284AC4D5 /* AvatarIdentityTests.swift */ = {isa = PBXFileReference; lastKnownFileType = sourcecode.swift; path = AvatarIdentityTests.swift; sourceTree = "<group>"; };
		8E3BB5862C5807A1AD1244A0 /* ConversationInitialLoadingView.swift */ = {isa = PBXFileReference; lastKnownFileType = sourcecode.swift; path = ConversationInitialLoadingView.swift; sourceTree = "<group>"; };
		8F01AB264A8FBD300AF8A544 /* ShareExtensionAPI.swift */ = {isa = PBXFileReference; lastKnownFileType = sourcecode.swift; path = ShareExtensionAPI.swift; sourceTree = "<group>"; };
		9191C934D4CD680DDA85704F /* AgentSessionPresentation.swift */ = {isa = PBXFileReference; lastKnownFileType = sourcecode.swift; path = AgentSessionPresentation.swift; sourceTree = "<group>"; };
		935EFE99E0807E1CF8BE8FA7 /* ComposerMentionMenuTests.swift */ = {isa = PBXFileReference; lastKnownFileType = sourcecode.swift; path = ComposerMentionMenuTests.swift; sourceTree = "<group>"; };
		958064210641FA020E27EF19 /* ChatHomeView.swift */ = {isa = PBXFileReference; lastKnownFileType = sourcecode.swift; path = ChatHomeView.swift; sourceTree = "<group>"; };
		95CE270CEA87A8CE6D97F559 /* GroupSessionListView.swift */ = {isa = PBXFileReference; lastKnownFileType = sourcecode.swift; path = GroupSessionListView.swift; sourceTree = "<group>"; };
		96042CF63F22D2ED8FFE8C1E /* DigestView.swift */ = {isa = PBXFileReference; lastKnownFileType = sourcecode.swift; path = DigestView.swift; sourceTree = "<group>"; };
		9D60F97D3355040D5CEBF231 /* CloudWireCache.swift */ = {isa = PBXFileReference; lastKnownFileType = sourcecode.swift; path = CloudWireCache.swift; sourceTree = "<group>"; };
		9DCA28263C9542B2585C6820 /* ConversationReadPresentationTests.swift */ = {isa = PBXFileReference; lastKnownFileType = sourcecode.swift; path = ConversationReadPresentationTests.swift; sourceTree = "<group>"; };
		A020F6E80156312C56FA7D0F /* ConversationRow.swift */ = {isa = PBXFileReference; lastKnownFileType = sourcecode.swift; path = ConversationRow.swift; sourceTree = "<group>"; };
		A21B553E883C637AF55134AE /* AttachmentTransferTests.swift */ = {isa = PBXFileReference; lastKnownFileType = sourcecode.swift; path = AttachmentTransferTests.swift; sourceTree = "<group>"; };
		A8BE8ED2C03AEBF0EAA5F045 /* MediaCacheTests.swift */ = {isa = PBXFileReference; lastKnownFileType = sourcecode.swift; path = MediaCacheTests.swift; sourceTree = "<group>"; };
		AC107DB5F8A72F207A0CCBC9 /* ShareExtensionView.swift */ = {isa = PBXFileReference; lastKnownFileType = sourcecode.swift; path = ShareExtensionView.swift; sourceTree = "<group>"; };
		AFC9BC36305D732953A99687 /* PhotoImageEditing.swift */ = {isa = PBXFileReference; lastKnownFileType = sourcecode.swift; path = PhotoImageEditing.swift; sourceTree = "<group>"; };
		B05863F065BA138C9337DF7F /* MediaPreviewView.swift */ = {isa = PBXFileReference; lastKnownFileType = sourcecode.swift; path = MediaPreviewView.swift; sourceTree = "<group>"; };
		B253DEC14935BAE03D80365F /* SessionFilesSheet.swift */ = {isa = PBXFileReference; lastKnownFileType = sourcecode.swift; path = SessionFilesSheet.swift; sourceTree = "<group>"; };
		B2B4B71699619CACFFD7AF71 /* PreviewData.swift */ = {isa = PBXFileReference; lastKnownFileType = sourcecode.swift; path = PreviewData.swift; sourceTree = "<group>"; };
		B308FF37FF8E42CB0F5166D6 /* AttachmentFileStore.swift */ = {isa = PBXFileReference; lastKnownFileType = sourcecode.swift; path = AttachmentFileStore.swift; sourceTree = "<group>"; };
		B37C62BFC4F16FEF6200E1C5 /* CloudModelDecodingTests.swift */ = {isa = PBXFileReference; lastKnownFileType = sourcecode.swift; path = CloudModelDecodingTests.swift; sourceTree = "<group>"; };
		B7C0162644ADAD950961A3EF /* SessionRuntimeRouteStoreTests.swift */ = {isa = PBXFileReference; lastKnownFileType = sourcecode.swift; path = SessionRuntimeRouteStoreTests.swift; sourceTree = "<group>"; };
		B8907D09B7736B6EBC799138 /* AgentSessionPresentationTests.swift */ = {isa = PBXFileReference; lastKnownFileType = sourcecode.swift; path = AgentSessionPresentationTests.swift; sourceTree = "<group>"; };
		B8A9FFC456D58053BB00863A /* CloudOAuthCallbackTests.swift */ = {isa = PBXFileReference; lastKnownFileType = sourcecode.swift; path = CloudOAuthCallbackTests.swift; sourceTree = "<group>"; };
		BA78321DA07764D220886E90 /* KordiNotificationCoordinator.swift */ = {isa = PBXFileReference; lastKnownFileType = sourcecode.swift; path = KordiNotificationCoordinator.swift; sourceTree = "<group>"; };
		BB91BDEC651C22090FBFCABA /* MainTab.swift */ = {isa = PBXFileReference; lastKnownFileType = sourcecode.swift; path = MainTab.swift; sourceTree = "<group>"; };
		BC2E075B7257EB94109FA940 /* KordiTheme.swift */ = {isa = PBXFileReference; lastKnownFileType = sourcecode.swift; path = KordiTheme.swift; sourceTree = "<group>"; };
		C0216215122D9CFCEADED62A /* DigestImportView.swift */ = {isa = PBXFileReference; lastKnownFileType = sourcecode.swift; path = DigestImportView.swift; sourceTree = "<group>"; };
		C0A87BEB6341F1E394022C91 /* VoiceMessageRecorder.swift */ = {isa = PBXFileReference; lastKnownFileType = sourcecode.swift; path = VoiceMessageRecorder.swift; sourceTree = "<group>"; };
		C2C10B9D09B7992549A6CE35 /* ExpressiveMediaPicker.swift */ = {isa = PBXFileReference; lastKnownFileType = sourcecode.swift; path = ExpressiveMediaPicker.swift; sourceTree = "<group>"; };
		C895B1E21D180A3B8DAC028C /* CloudPresencePublisher.swift */ = {isa = PBXFileReference; lastKnownFileType = sourcecode.swift; path = CloudPresencePublisher.swift; sourceTree = "<group>"; };
		C89A8FB63D5B1DFD7576809C /* MarkdownMessageContent.swift */ = {isa = PBXFileReference; lastKnownFileType = sourcecode.swift; path = MarkdownMessageContent.swift; sourceTree = "<group>"; };
		CEB09654088CAEF319E56FEC /* KordiMark.swift */ = {isa = PBXFileReference; lastKnownFileType = sourcecode.swift; path = KordiMark.swift; sourceTree = "<group>"; };
		CF2ED6EF5EAC14BB658712DE /* KordiShareExtension.appex */ = {isa = PBXFileReference; includeInIndex = 0; lastKnownFileType = "wrapper.app-extension"; path = KordiShareExtension.appex; sourceTree = BUILT_PRODUCTS_DIR; };
		D103773112752246FE1B75D5 /* AccountSheet.swift */ = {isa = PBXFileReference; lastKnownFileType = sourcecode.swift; path = AccountSheet.swift; sourceTree = "<group>"; };
		D362AF4BAC14A082A9A6A849 /* MessageLinkPreview.swift */ = {isa = PBXFileReference; lastKnownFileType = sourcecode.swift; path = MessageLinkPreview.swift; sourceTree = "<group>"; };
		D5E880660504E172537E8386 /* NewChatSheet.swift */ = {isa = PBXFileReference; lastKnownFileType = sourcecode.swift; path = NewChatSheet.swift; sourceTree = "<group>"; };
		D6B70D03EA8C02F0F10917A6 /* DigestCalendarService.swift */ = {isa = PBXFileReference; lastKnownFileType = sourcecode.swift; path = DigestCalendarService.swift; sourceTree = "<group>"; };
		D754E3537F473F98052E1220 /* Info.plist */ = {isa = PBXFileReference; lastKnownFileType = text.plist; path = Info.plist; sourceTree = "<group>"; };
		D8A0D4656EE35E183A198472 /* SessionRuntimeRouteStore.swift */ = {isa = PBXFileReference; lastKnownFileType = sourcecode.swift; path = SessionRuntimeRouteStore.swift; sourceTree = "<group>"; };
		DA243B6979BEEBADE478E33E /* CloudMessageStateProjectorTests.swift */ = {isa = PBXFileReference; lastKnownFileType = sourcecode.swift; path = CloudMessageStateProjectorTests.swift; sourceTree = "<group>"; };
		DDB063759C8072686227B4C1 /* GroupSpaceSummary.swift */ = {isa = PBXFileReference; lastKnownFileType = sourcecode.swift; path = GroupSpaceSummary.swift; sourceTree = "<group>"; };
		DF5E40C4B38433BB725BE9EB /* MessageActionSheets.swift */ = {isa = PBXFileReference; lastKnownFileType = sourcecode.swift; path = MessageActionSheets.swift; sourceTree = "<group>"; };
		E094A05643A2F44276E4EF06 /* NotoEmojiTests.swift */ = {isa = PBXFileReference; lastKnownFileType = sourcecode.swift; path = NotoEmojiTests.swift; sourceTree = "<group>"; };
		E218169E718634BB75B216F1 /* AgentModelSheet.swift */ = {isa = PBXFileReference; lastKnownFileType = sourcecode.swift; path = AgentModelSheet.swift; sourceTree = "<group>"; };
		E5E0E98754E4D3E74B787C6A /* VoiceMessageView.swift */ = {isa = PBXFileReference; lastKnownFileType = sourcecode.swift; path = VoiceMessageView.swift; sourceTree = "<group>"; };
		E82504028486B67BF05F7A51 /* ShareExtensionSupportTests.swift */ = {isa = PBXFileReference; lastKnownFileType = sourcecode.swift; path = ShareExtensionSupportTests.swift; sourceTree = "<group>"; };
		E89F1206EB556B444390594D /* Kordi.app */ = {isa = PBXFileReference; includeInIndex = 0; lastKnownFileType = wrapper.application; path = Kordi.app; sourceTree = BUILT_PRODUCTS_DIR; };
		EFB88FF6B392D071AA24EB46 /* ComposerMentionTargetCatalogTests.swift */ = {isa = PBXFileReference; lastKnownFileType = sourcecode.swift; path = ComposerMentionTargetCatalogTests.swift; sourceTree = "<group>"; };
		F07103152F3015F0B24FEE45 /* CloudGroupMessageCodec.swift */ = {isa = PBXFileReference; lastKnownFileType = sourcecode.swift; path = CloudGroupMessageCodec.swift; sourceTree = "<group>"; };
		F1271CBD683255CC53FD1A07 /* MessageSyncStatusView.swift */ = {isa = PBXFileReference; lastKnownFileType = sourcecode.swift; path = MessageSyncStatusView.swift; sourceTree = "<group>"; };
		F12ADFCB554A69C285C7F753 /* ComposerView.swift */ = {isa = PBXFileReference; lastKnownFileType = sourcecode.swift; path = ComposerView.swift; sourceTree = "<group>"; };
		F5F1853F7027097BBC718478 /* CloudModels.swift */ = {isa = PBXFileReference; lastKnownFileType = sourcecode.swift; path = CloudModels.swift; sourceTree = "<group>"; };
		F6A1B174CA85A5F4F5E0AC15 /* PhotoImageEditor.swift */ = {isa = PBXFileReference; lastKnownFileType = sourcecode.swift; path = PhotoImageEditor.swift; sourceTree = "<group>"; };
		F7F1BB7067E03988558968A0 /* CameraImagePicker.swift */ = {isa = PBXFileReference; lastKnownFileType = sourcecode.swift; path = CameraImagePicker.swift; sourceTree = "<group>"; };
		FB201FE56A48A0CC09D85718 /* DigestMonthGrid.swift */ = {isa = PBXFileReference; lastKnownFileType = sourcecode.swift; path = DigestMonthGrid.swift; sourceTree = "<group>"; };
		FC40CA44539DE969C3129E9B /* KordiAppEnvironment.swift */ = {isa = PBXFileReference; lastKnownFileType = sourcecode.swift; path = KordiAppEnvironment.swift; sourceTree = "<group>"; };
		FD490ECA738742A1C27BD23C /* ProviderAuthentication.swift */ = {isa = PBXFileReference; lastKnownFileType = sourcecode.swift; path = ProviderAuthentication.swift; sourceTree = "<group>"; };
		FFFD604ABA6CBEE2041D4D75 /* NotoEmoji.swift */ = {isa = PBXFileReference; lastKnownFileType = sourcecode.swift; path = NotoEmoji.swift; sourceTree = "<group>"; };
/* End PBXFileReference section */

/* Begin PBXFrameworksBuildPhase section */
		CB41CB7B63AD1B7A7FCB61BF /* Frameworks */ = {
			isa = PBXFrameworksBuildPhase;
			buildActionMask = 2147483647;
			files = (
				D4B22EFD2E1B14A28811D742 /* LiveKit in Frameworks */,
			);
			runOnlyForDeploymentPostprocessing = 0;
		};
/* End PBXFrameworksBuildPhase section */

/* Begin PBXGroup section */
		008DE0CF7FD52B10F8FC8126 /* Auth */ = {
			isa = PBXGroup;
			children = (
				092A3B6DDEAE95871DABB253 /* LoginView.swift */,
			);
			path = Auth;
			sourceTree = "<group>";
		};
		0E17406498839418FB634848 /* rolling-digest */ = {
			isa = PBXGroup;
			children = (
				D1E0FE66C5804026A361170B /* shared */,
			);
			name = "rolling-digest";
			path = ../..;
			sourceTree = "<group>";
		};
		12AF06413F9CC5B214E67C82 /* Contacts */ = {
			isa = PBXGroup;
			children = (
				7057F708821F2D5D4A0AE795 /* ContactsView.swift */,
			);
			path = Contacts;
			sourceTree = "<group>";
		};
		172E9DA498FFE8B2AB2A6428 /* Models */ = {
			isa = PBXGroup;
			children = (
				9191C934D4CD680DDA85704F /* AgentSessionPresentation.swift */,
				0DB3A982982A43712453EAFF /* BlobEmoji.swift */,
				4603ECC7913F5A0D715AC8F5 /* ChatMessage.swift */,
				8048284446BA610E82C18CAC /* ComposerMentionTargetCatalog.swift */,
				87791B7244F602AE37144B7B /* Conversation.swift */,
				DDB063759C8072686227B4C1 /* GroupSpaceSummary.swift */,
				FFFD604ABA6CBEE2041D4D75 /* NotoEmoji.swift */,
				FD490ECA738742A1C27BD23C /* ProviderAuthentication.swift */,
			);
			path = Models;
			sourceTree = "<group>";
		};
		1BFF2E6850CAEDE7718C890D /* KordiShareExtension */ = {
			isa = PBXGroup;
			children = (
				54C3759508995D1DC7BC4B9D /* Supporting */,
				8F01AB264A8FBD300AF8A544 /* ShareExtensionAPI.swift */,
				AC107DB5F8A72F207A0CCBC9 /* ShareExtensionView.swift */,
				4283D70BD56B4D3DC3CF784D /* ShareViewController.swift */,
			);
			path = KordiShareExtension;
			sourceTree = "<group>";
		};
		1DDA9A39B8E85DDD2712FA1C /* Profile */ = {
			isa = PBXGroup;
			children = (
				D103773112752246FE1B75D5 /* AccountSheet.swift */,
			);
			path = Profile;
			sourceTree = "<group>";
		};
		2314A4E7BB391FD320380943 /* Environment */ = {
			isa = PBXGroup;
			children = (
				FC40CA44539DE969C3129E9B /* KordiAppEnvironment.swift */,
			);
			path = Environment;
			sourceTree = "<group>";
		};
		3CE1FA2605A71586BFD1C1ED /* Auth */ = {
			isa = PBXGroup;
			children = (
				151CB7A492FFA22F02806ED0 /* CloudOAuthSession.swift */,
				276E693EF06321E619FD4D1B /* KeychainSessionStore.swift */,
				7D8174EC8BFB7A84E06048DB /* SignupAvatarRenderer.swift */,
			);
			path = Auth;
			sourceTree = "<group>";
		};
		4B81794AB3239949321BBC09 /* Core */ = {
			isa = PBXGroup;
			children = (
				FC1EC9CA1DAA5A5E8ADDAB8D /* API */,
				3CE1FA2605A71586BFD1C1ED /* Auth */,
				7FA0CD0D4DB9F34A8789CF2A /* Design */,
				2314A4E7BB391FD320380943 /* Environment */,
				172E9DA498FFE8B2AB2A6428 /* Models */,
				8B691975F639EEE5046572D6 /* Persistence */,
				F4309C0A8EE352274B4D3ABB /* Share */,
			);
			path = Core;
			sourceTree = "<group>";
		};
		4F7CE165D40841E48487B17F /* Conversation */ = {
			isa = PBXGroup;
			children = (
				E218169E718634BB75B216F1 /* AgentModelSheet.swift */,
				6400B908DF86EAAA6883C9B4 /* CallView.swift */,
				F7F1BB7067E03988558968A0 /* CameraImagePicker.swift */,
				57000316D6B453E1690DA350 /* CompanionChatPanel.swift */,
				46FD8ADA8B828FDECB16AB83 /* ComposerMentionMenu.swift */,
				F12ADFCB554A69C285C7F753 /* ComposerView.swift */,
				8E3BB5862C5807A1AD1244A0 /* ConversationInitialLoadingView.swift */,
				4021DE92BF82560F7905E214 /* ConversationView.swift */,
				C2C10B9D09B7992549A6CE35 /* ExpressiveMediaPicker.swift */,
				C89A8FB63D5B1DFD7576809C /* MarkdownMessageContent.swift */,
				B05863F065BA138C9337DF7F /* MediaPreviewView.swift */,
				DF5E40C4B38433BB725BE9EB /* MessageActionSheets.swift */,
				5F7961C162F4B02B850937D4 /* MessageBubble.swift */,
				D362AF4BAC14A082A9A6A849 /* MessageLinkPreview.swift */,
				AFC9BC36305D732953A99687 /* PhotoImageEditing.swift */,
				F6A1B174CA85A5F4F5E0AC15 /* PhotoImageEditor.swift */,
				4341AB98A04360584EC3B4BD /* PhotoSendReviewSheet.swift */,
				5610E7F5FABA1874E1D24FFA /* SessionDetailSheet.swift */,
				B253DEC14935BAE03D80365F /* SessionFilesSheet.swift */,
				E5E0E98754E4D3E74B787C6A /* VoiceMessageView.swift */,
			);
			path = Conversation;
			sourceTree = "<group>";
		};
		54C3759508995D1DC7BC4B9D /* Supporting */ = {
			isa = PBXGroup;
			children = (
				73E9A6AE6D5175756B1A3A62 /* Info.plist */,
				44C7E9E4C6857663B73F5B81 /* KordiShareExtension.entitlements */,
			);
			path = Supporting;
			sourceTree = "<group>";
		};
		73130723BD0DB27E66DA04BC /* Chats */ = {
			isa = PBXGroup;
			children = (
				8AD0EB50947B85C39FEB9B7C /* AgentSessionRow.swift */,
				958064210641FA020E27EF19 /* ChatHomeView.swift */,
				A020F6E80156312C56FA7D0F /* ConversationRow.swift */,
				0B7E8E86F8830C031FE1EC87 /* GroupManagementSheet.swift */,
				95CE270CEA87A8CE6D97F559 /* GroupSessionListView.swift */,
				5B9E11311A379EEC4A924BB3 /* GroupSpaceRow.swift */,
				D5E880660504E172537E8386 /* NewChatSheet.swift */,
			);
			path = Chats;
			sourceTree = "<group>";
		};
		7FA0CD0D4DB9F34A8789CF2A /* Design */ = {
			isa = PBXGroup;
			children = (
				BC2E075B7257EB94109FA940 /* KordiTheme.swift */,
			);
			path = Design;
			sourceTree = "<group>";
		};
		8B691975F639EEE5046572D6 /* Persistence */ = {
			isa = PBXGroup;
			children = (
				9D60F97D3355040D5CEBF231 /* CloudWireCache.swift */,
				1381CF79C72E0D7F70A6AF27 /* LocalMessageStore.swift */,
				D8A0D4656EE35E183A198472 /* SessionRuntimeRouteStore.swift */,
			);
			path = Persistence;
			sourceTree = "<group>";
		};
		98E233D8817A971C69FAFC17 = {
			isa = PBXGroup;
			children = (
				C2C92D12ECE57C3C9CF3F00F /* Kordi */,
				1BFF2E6850CAEDE7718C890D /* KordiShareExtension */,
				D259025D837BD67D0E7B9B7E /* KordiTests */,
				0E17406498839418FB634848 /* rolling-digest */,
				E6FFCF72758CFAD295AF15BA /* Products */,
			);
			sourceTree = "<group>";
		};
		A6D1235EA96BFE65847B1222 /* Resources */ = {
			isa = PBXGroup;
			children = (
				1A3A55FE7BDA62F4175A28D2 /* Assets.xcassets */,
				3D5D26C1845AB19D9120CB8D /* blob-emoji */,
				30170A4D2C1A1AF7B87BF136 /* noto-emoji */,
			);
			path = Resources;
			sourceTree = "<group>";
		};
		C2C92D12ECE57C3C9CF3F00F /* Kordi */ = {
			isa = PBXGroup;
			children = (
				D920BFFEF4EC48A550B7204E /* App */,
				4B81794AB3239949321BBC09 /* Core */,
				FED6A0F8879EB17EAD5406F2 /* Features */,
				A6D1235EA96BFE65847B1222 /* Resources */,
				E5EA7E870DCA0876CB287FD1 /* Supporting */,
			);
			path = Kordi;
			sourceTree = "<group>";
		};
		D1E0FE66C5804026A361170B /* shared */ = {
			isa = PBXGroup;
			children = (
				550693FD7A7EA1FD3CC21330 /* digest */,
			);
			path = shared;
			sourceTree = "<group>";
		};
		D259025D837BD67D0E7B9B7E /* KordiTests */ = {
			isa = PBXGroup;
			children = (
				B8907D09B7736B6EBC799138 /* AgentSessionPresentationTests.swift */,
				A21B553E883C637AF55134AE /* AttachmentTransferTests.swift */,
				8DB852A1AC3BAABE284AC4D5 /* AvatarIdentityTests.swift */,
				44A3C66207D7BD48F04030BF /* CloudConversationCatalogTests.swift */,
				379A8A36CB77D9967CF63DAF /* CloudDirectMessageProjectorTests.swift */,
				12B4F4E132BAF9FF02E0EE58 /* CloudGroupMessageCodecTests.swift */,
				23CAA0002D51BCCCF6B07B66 /* CloudMessageCodecTests.swift */,
				DA243B6979BEEBADE478E33E /* CloudMessageStateProjectorTests.swift */,
				B37C62BFC4F16FEF6200E1C5 /* CloudModelDecodingTests.swift */,
				B8A9FFC456D58053BB00863A /* CloudOAuthCallbackTests.swift */,
				45283A731378FF0892492602 /* CloudWireCacheTests.swift */,
				8D777A5F9528D93CB115E881 /* CompanionChatPanelTests.swift */,
				935EFE99E0807E1CF8BE8FA7 /* ComposerMentionMenuTests.swift */,
				EFB88FF6B392D071AA24EB46 /* ComposerMentionTargetCatalogTests.swift */,
				9DCA28263C9542B2585C6820 /* ConversationReadPresentationTests.swift */,
				568EBC3F7D9760AAD86C912C /* DigestViewTests.swift */,
				1B3BED33D4A29116EAD073A0 /* KordiAppEnvironmentTests.swift */,
				274B3D971B28CFFC0EF77C13 /* KordiMarkdownParserTests.swift */,
				16C36C042F23DA97ABD30265 /* LocalMessageStoreTests.swift */,
				A8BE8ED2C03AEBF0EAA5F045 /* MediaCacheTests.swift */,
				4D3FAACD21D63BFA6A9455D5 /* MediaPreviewTests.swift */,
				E094A05643A2F44276E4EF06 /* NotoEmojiTests.swift */,
				5BAE23D56402398862849C56 /* ProviderAuthenticationTests.swift */,
				B7C0162644ADAD950961A3EF /* SessionRuntimeRouteStoreTests.swift */,
				E82504028486B67BF05F7A51 /* ShareExtensionSupportTests.swift */,
				466213B0B64F8844554C358D /* VoiceMessageTests.swift */,
			);
			path = KordiTests;
			sourceTree = "<group>";
		};
		D920BFFEF4EC48A550B7204E /* App */ = {
			isa = PBXGroup;
			children = (
				8468E1A2764A8C92164AD82E /* AppModel.swift */,
				C895B1E21D180A3B8DAC028C /* CloudPresencePublisher.swift */,
				583A0B10599C4D4B56B397F3 /* KordiApp.swift */,
				BA78321DA07764D220886E90 /* KordiNotificationCoordinator.swift */,
				BB91BDEC651C22090FBFCABA /* MainTab.swift */,
				B2B4B71699619CACFFD7AF71 /* PreviewData.swift */,
			);
			path = App;
			sourceTree = "<group>";
		};
		E596A4725623F562501C9156 /* Shared */ = {
			isa = PBXGroup;
			children = (
				844BA3411A7748BF0EA7F6B3 /* IdentityAvatar.swift */,
				CEB09654088CAEF319E56FEC /* KordiMark.swift */,
				F1271CBD683255CC53FD1A07 /* MessageSyncStatusView.swift */,
			);
			path = Shared;
			sourceTree = "<group>";
		};
		E5EA7E870DCA0876CB287FD1 /* Supporting */ = {
			isa = PBXGroup;
			children = (
				D754E3537F473F98052E1220 /* Info.plist */,
				63AC02B591615C13AB59E1FE /* Kordi.entitlements */,
			);
			path = Supporting;
			sourceTree = "<group>";
		};
		E6FFCF72758CFAD295AF15BA /* Products */ = {
			isa = PBXGroup;
			children = (
				E89F1206EB556B444390594D /* Kordi.app */,
				CF2ED6EF5EAC14BB658712DE /* KordiShareExtension.appex */,
				758049F3F18473348374B2D9 /* KordiTests.xctest */,
			);
			name = Products;
			sourceTree = "<group>";
		};
		EFF9C78D80C9DE8D1E80E952 /* Digest */ = {
			isa = PBXGroup;
			children = (
				2BD932A38840C17EA0B8EF01 /* AppModel+Digest.swift */,
				0F86440397C4BCD851D59AE4 /* CloudAPIClient+Digest.swift */,
				D6B70D03EA8C02F0F10917A6 /* DigestCalendarService.swift */,
				5DCB8DC1661FA97372B754E3 /* DigestEditors.swift */,
				C0216215122D9CFCEADED62A /* DigestImportView.swift */,
				FB201FE56A48A0CC09D85718 /* DigestMonthGrid.swift */,
				96042CF63F22D2ED8FFE8C1E /* DigestView.swift */,
				108123CCF91230E14EE21237 /* RollingDigestModels.swift */,
			);
			path = Digest;
			sourceTree = "<group>";
		};
		F4309C0A8EE352274B4D3ABB /* Share */ = {
			isa = PBXGroup;
			children = (
				0DE75382D6C8FA0FC7A711C7 /* ShareExtensionSupport.swift */,
			);
			path = Share;
			sourceTree = "<group>";
		};
		FC1EC9CA1DAA5A5E8ADDAB8D /* API */ = {
			isa = PBXGroup;
			children = (
				B308FF37FF8E42CB0F5166D6 /* AttachmentFileStore.swift */,
				5DC2D15EF36CFC29FD9543A9 /* AttachmentTransfer.swift */,
				1891761174EB0D425725600A /* CloudAPIClient.swift */,
				4DCEE1B4AB8ED2647728BD25 /* CloudConversationCatalog.swift */,
				3EB18EB4C7CB33187DFB7840 /* CloudDirectMessageProjector.swift */,
				F07103152F3015F0B24FEE45 /* CloudGroupMessageCodec.swift */,
				1B208AC082D8D2E3AC98654A /* CloudMessageCodec.swift */,
				86F519E3E934E7F9675DA3B7 /* CloudMessageStateProjector.swift */,
				F5F1853F7027097BBC718478 /* CloudModels.swift */,
				7650894957E5DBF2D39B673C /* KordiCallCoordinator.swift */,
				C0A87BEB6341F1E394022C91 /* VoiceMessageRecorder.swift */,
			);
			path = API;
			sourceTree = "<group>";
		};
		FED6A0F8879EB17EAD5406F2 /* Features */ = {
			isa = PBXGroup;
			children = (
				008DE0CF7FD52B10F8FC8126 /* Auth */,
				73130723BD0DB27E66DA04BC /* Chats */,
				12AF06413F9CC5B214E67C82 /* Contacts */,
				4F7CE165D40841E48487B17F /* Conversation */,
				EFF9C78D80C9DE8D1E80E952 /* Digest */,
				1DDA9A39B8E85DDD2712FA1C /* Profile */,
				E596A4725623F562501C9156 /* Shared */,
			);
			path = Features;
			sourceTree = "<group>";
		};
/* End PBXGroup section */

/* Begin PBXNativeTarget section */
		31BA3E20115AC90B477CB0A8 /* KordiTests */ = {
			isa = PBXNativeTarget;
			buildConfigurationList = D98D284B41715E7364E72438 /* Build configuration list for PBXNativeTarget "KordiTests" */;
			buildPhases = (
				993120D9E321CDAE32868919 /* Sources */,
			);
			buildRules = (
			);
			dependencies = (
				D2D12118609DCAA88A4D9E57 /* PBXTargetDependency */,
			);
			name = KordiTests;
			packageProductDependencies = (
			);
			productName = KordiTests;
			productReference = 758049F3F18473348374B2D9 /* KordiTests.xctest */;
			productType = "com.apple.product-type.bundle.unit-test";
		};
		D5F4FA76E42E729EF0631448 /* Kordi */ = {
			isa = PBXNativeTarget;
			buildConfigurationList = 4F16A02F5029C0F79DB873A0 /* Build configuration list for PBXNativeTarget "Kordi" */;
			buildPhases = (
				A37797D6099FAE8E8D3619B1 /* Sources */,
				A0F704B1C13CBBF817DED85B /* Resources */,
				CB41CB7B63AD1B7A7FCB61BF /* Frameworks */,
				108895A63222CFC41EE70E90 /* Embed Foundation Extensions */,
			);
			buildRules = (
			);
			dependencies = (
				6CE8B51EC31C822E921BCAF5 /* PBXTargetDependency */,
			);
			name = Kordi;
			packageProductDependencies = (
				07939B8DB3FE481325EF13B3 /* LiveKit */,
			);
			productName = Kordi;
			productReference = E89F1206EB556B444390594D /* Kordi.app */;
			productType = "com.apple.product-type.application";
		};
		FEC52B16CB2A21DB78546D16 /* KordiShareExtension */ = {
			isa = PBXNativeTarget;
			buildConfigurationList = 75E6C27B4C6C2F5B74D2CC83 /* Build configuration list for PBXNativeTarget "KordiShareExtension" */;
			buildPhases = (
				9CE8A5BD200E88AE41D02867 /* Sources */,
			);
			buildRules = (
			);
			dependencies = (
			);
			name = KordiShareExtension;
			packageProductDependencies = (
			);
			productName = KordiShareExtension;
			productReference = CF2ED6EF5EAC14BB658712DE /* KordiShareExtension.appex */;
			productType = "com.apple.product-type.app-extension";
		};
/* End PBXNativeTarget section */

/* Begin PBXProject section */
		2B713D82C9E5176BF299CFD8 /* Project object */ = {
			isa = PBXProject;
			attributes = {
				BuildIndependentTargetsInParallel = YES;
				LastUpgradeCheck = 1430;
				TargetAttributes = {
					31BA3E20115AC90B477CB0A8 = {
						ProvisioningStyle = Automatic;
					};
					D5F4FA76E42E729EF0631448 = {
						ProvisioningStyle = Automatic;
					};
					FEC52B16CB2A21DB78546D16 = {
						ProvisioningStyle = Automatic;
					};
				};
			};
			buildConfigurationList = 6F694C41E13031974D09360F /* Build configuration list for PBXProject "Kordi" */;
			developmentRegion = en;
			hasScannedForEncodings = 0;
			knownRegions = (
				Base,
				en,
			);
			mainGroup = 98E233D8817A971C69FAFC17;
			minimizedProjectReferenceProxies = 1;
			packageReferences = (
				721E797C5107E9715EF6D3A6 /* XCRemoteSwiftPackageReference "client-sdk-swift" */,
			);
			preferredProjectObjectVersion = 77;
			productRefGroup = E6FFCF72758CFAD295AF15BA /* Products */;
			projectDirPath = "";
			projectRoot = "";
			targets = (
				D5F4FA76E42E729EF0631448 /* Kordi */,
				FEC52B16CB2A21DB78546D16 /* KordiShareExtension */,
				31BA3E20115AC90B477CB0A8 /* KordiTests */,
			);
		};
/* End PBXProject section */

/* Begin PBXResourcesBuildPhase section */
		A0F704B1C13CBBF817DED85B /* Resources */ = {
			isa = PBXResourcesBuildPhase;
			buildActionMask = 2147483647;
			files = (
				D6E3FF1559CAAAE57EDC446B /* Assets.xcassets in Resources */,
				BC01C5D7FB643F5F18C116FE /* blob-emoji in Resources */,
				2C53AF75CAAAF7EE89EBB4D5 /* digest in Resources */,
				591D049BE5259BAF6555CCBC /* noto-emoji in Resources */,
			);
			runOnlyForDeploymentPostprocessing = 0;
		};
/* End PBXResourcesBuildPhase section */

/* Begin PBXSourcesBuildPhase section */
		993120D9E321CDAE32868919 /* Sources */ = {
			isa = PBXSourcesBuildPhase;
			buildActionMask = 2147483647;
			files = (
				0B72A6AC80380063ABDC7755 /* AgentSessionPresentationTests.swift in Sources */,
				688B8035C36DDCB0F8505288 /* AttachmentTransferTests.swift in Sources */,
				89AF5B2FC468A8F70E1699A7 /* AvatarIdentityTests.swift in Sources */,
				5FEE4877B559B162470420DE /* CloudConversationCatalogTests.swift in Sources */,
				278B300941EBC27D371383BC /* CloudDirectMessageProjectorTests.swift in Sources */,
				4A886D02260191D4F6FD154E /* CloudGroupMessageCodecTests.swift in Sources */,
				C8BD24AA4D691A02181E4FB4 /* CloudMessageCodecTests.swift in Sources */,
				12DF1537FF5C73FEE11B47E8 /* CloudMessageStateProjectorTests.swift in Sources */,
				29FCDC50AB216E5B75E180D2 /* CloudModelDecodingTests.swift in Sources */,
				FD5B3FEC4C203C259378AB38 /* CloudOAuthCallbackTests.swift in Sources */,
				E9903E8C12FFD9B876610EAC /* CloudWireCacheTests.swift in Sources */,
				0AE339A604A15C66AF7F3BFA /* CompanionChatPanelTests.swift in Sources */,
				237035D2841A8F001F917D78 /* ComposerMentionMenuTests.swift in Sources */,
				ED22FF9AFFB08C5A52F41716 /* ComposerMentionTargetCatalogTests.swift in Sources */,
				C43FBB268AD9D16808177E02 /* ConversationReadPresentationTests.swift in Sources */,
				97FE7B56ED21F0CDBDC8AAEB /* DigestViewTests.swift in Sources */,
				F72232A5E55E5DDBF7C08493 /* KordiAppEnvironmentTests.swift in Sources */,
				A7D9800431A98277443048BB /* KordiMarkdownParserTests.swift in Sources */,
				C6F07352981BFA43F316E7AA /* LocalMessageStoreTests.swift in Sources */,
				B41CEC7F2405B39CDF400491 /* MediaCacheTests.swift in Sources */,
				35B9B24F661F5992EE4281EA /* MediaPreviewTests.swift in Sources */,
				ED0D7936BFA2433311A7D3C3 /* NotoEmojiTests.swift in Sources */,
				3D7A4357454B74FB0D27E7C0 /* ProviderAuthenticationTests.swift in Sources */,
				ADAFE64FFE54941BDDDC6908 /* SessionRuntimeRouteStoreTests.swift in Sources */,
				0CCA0D9E4453616087A1C935 /* ShareExtensionSupportTests.swift in Sources */,
				24B04F393F9914AE090558CD /* VoiceMessageTests.swift in Sources */,
			);
			runOnlyForDeploymentPostprocessing = 0;
		};
		9CE8A5BD200E88AE41D02867 /* Sources */ = {
			isa = PBXSourcesBuildPhase;
			buildActionMask = 2147483647;
			files = (
				09DEA8E88AEA560303FBB07B /* ShareExtensionAPI.swift in Sources */,
				3721A0A2CC0167373FC6AD17 /* ShareExtensionSupport.swift in Sources */,
				57C48DFB0681685E6BAA605D /* ShareExtensionView.swift in Sources */,
				3227AB9771198EA7FA8F3A2D /* ShareViewController.swift in Sources */,
			);
			runOnlyForDeploymentPostprocessing = 0;
		};
		A37797D6099FAE8E8D3619B1 /* Sources */ = {
			isa = PBXSourcesBuildPhase;
			buildActionMask = 2147483647;
			files = (
				DAF7778C91E57F2408A19698 /* AccountSheet.swift in Sources */,
				88B8C4BC617FD7B9CE4EC7CC /* AgentModelSheet.swift in Sources */,
				C70D585973E462F22DE1259A /* AgentSessionPresentation.swift in Sources */,
				E081B6CC1FCAF0B7E12CFDF6 /* AgentSessionRow.swift in Sources */,
				BE7A0C420EAEE2B706EFF49E /* AppModel+Digest.swift in Sources */,
				2E4333FCFA2A1DA835345DE6 /* AppModel.swift in Sources */,
				85F8CFC2AC23D0C91408C596 /* AttachmentFileStore.swift in Sources */,
				1AC36BD7EB5D806BCCE18ABB /* AttachmentTransfer.swift in Sources */,
				92BCC08B73719A9327774C68 /* BlobEmoji.swift in Sources */,
				A773B53EDC6BABED2ED8AB19 /* CallView.swift in Sources */,
				AF598700C5EE149CD1F16DD7 /* CameraImagePicker.swift in Sources */,
				B5A4DEDE26C34B90346FAD9F /* ChatHomeView.swift in Sources */,
				47B79CF9AA8EC25BDF7701E1 /* ChatMessage.swift in Sources */,
				04C1E641012B45A98CFB6C0F /* CloudAPIClient+Digest.swift in Sources */,
				798E25FC71EFE3AFBBD92A56 /* CloudAPIClient.swift in Sources */,
				91099E8FCC57251BAB67570E /* CloudConversationCatalog.swift in Sources */,
				26FDD82F4C9E9FD13BF29576 /* CloudDirectMessageProjector.swift in Sources */,
				DEAE54A65AF63D57C0DFF6CA /* CloudGroupMessageCodec.swift in Sources */,
				D9428E4F1B6772EBB490EFC9 /* CloudMessageCodec.swift in Sources */,
				639C6A91B6609A01103013FB /* CloudMessageStateProjector.swift in Sources */,
				0FCC9220F6A589D7DEA8B2DD /* CloudModels.swift in Sources */,
				741F7D673A152CD924795AEF /* CloudOAuthSession.swift in Sources */,
				6316C7A33ABEDDA7248784C4 /* CloudPresencePublisher.swift in Sources */,
				715CD4AE535A1B1B2B6D4973 /* CloudWireCache.swift in Sources */,
				7DFA4853671269DDB4276A23 /* CompanionChatPanel.swift in Sources */,
				6370770F0FFF928CBAB4050A /* ComposerMentionMenu.swift in Sources */,
				22FD5537E5971AE522153A54 /* ComposerMentionTargetCatalog.swift in Sources */,
				6F2D0803E1F21DA091A51FF8 /* ComposerView.swift in Sources */,
				EB453D88857B3296BE127B94 /* ContactsView.swift in Sources */,
				E209B4E4DD968CF6AD4028E2 /* Conversation.swift in Sources */,
				F7D2FBC93887F75BCDF18D61 /* ConversationInitialLoadingView.swift in Sources */,
				BE344377783EEB4A688EECBF /* ConversationRow.swift in Sources */,
				CE3B28D7B1662C11FCB93086 /* ConversationView.swift in Sources */,
				384CEA6FD6D3803D7750D658 /* DigestCalendarService.swift in Sources */,
				ECE80F15C5A972C2619BE107 /* DigestEditors.swift in Sources */,
				3DECEFF6E4E2E1A3DDBA1B6E /* DigestImportView.swift in Sources */,
				2494E85EDBBFE73065C88EE9 /* DigestMonthGrid.swift in Sources */,
				F4F1CE25C621F59E5EA38FC9 /* DigestView.swift in Sources */,
				D0D50762EB040DB1DAB59C52 /* ExpressiveMediaPicker.swift in Sources */,
				D8DBAE5BA9E4237E34169C64 /* GroupManagementSheet.swift in Sources */,
				0D697B51F119F58F2297E35F /* GroupSessionListView.swift in Sources */,
				32C137290032D2F00A31C64C /* GroupSpaceRow.swift in Sources */,
				A90F6112B48BF0BCAF72886B /* GroupSpaceSummary.swift in Sources */,
				12A04863D661AF2255724438 /* IdentityAvatar.swift in Sources */,
				4B2AACF2322CB489C28DB2C0 /* KeychainSessionStore.swift in Sources */,
				44FF5E769C70CAA2FFF889C9 /* KordiApp.swift in Sources */,
				F01AE74E96BE2C02909E7D28 /* KordiAppEnvironment.swift in Sources */,
				DF513D18A9730F82DD79FECC /* KordiCallCoordinator.swift in Sources */,
				DBF208CACDCDD3766655FEF7 /* KordiMark.swift in Sources */,
				66218B84FEF69BF454A03DFD /* KordiNotificationCoordinator.swift in Sources */,
				BE821F4028CF8A3212755E16 /* KordiTheme.swift in Sources */,
				3369E116205FF6BDB09AC162 /* LocalMessageStore.swift in Sources */,
				013F4527A10AEF91C682C06E /* LoginView.swift in Sources */,
				A424BE366BC650CB66FF21C5 /* MainTab.swift in Sources */,
				8AF4705D22CA6731B2670C42 /* MarkdownMessageContent.swift in Sources */,
				288EF6D4D32F00F41E0754A5 /* MediaPreviewView.swift in Sources */,
				25A57BAD54F45B4716B3079D /* MessageActionSheets.swift in Sources */,
				9DA17B8588343C6733C7716B /* MessageBubble.swift in Sources */,
				801B1286BE27D9D500B36DE9 /* MessageLinkPreview.swift in Sources */,
				A4C1F2E013C0B39D0DF3E875 /* MessageSyncStatusView.swift in Sources */,
				9EBDED4D2D65304EE4A7A1C0 /* NewChatSheet.swift in Sources */,
				8C8A23245680BF38E4E1B061 /* NotoEmoji.swift in Sources */,
				2CE57FDD21E960A9636D7824 /* PhotoImageEditing.swift in Sources */,
				15542F77BD47FB38853E0818 /* PhotoImageEditor.swift in Sources */,
				7563571CDD502AF81C834BFD /* PhotoSendReviewSheet.swift in Sources */,
				C44AB4CDAC5B8D7F66D2F952 /* PreviewData.swift in Sources */,
				16130E0686D6373A72FC4A54 /* ProviderAuthentication.swift in Sources */,
				A2391AAA58D3BB6B1CC01E45 /* RollingDigestModels.swift in Sources */,
				A3F37CFBB0C323F24BA953B4 /* SessionDetailSheet.swift in Sources */,
				B390B8EDCC28336BF19EDCFD /* SessionFilesSheet.swift in Sources */,
				47E0196DA3B8D69E0C19162C /* SessionRuntimeRouteStore.swift in Sources */,
				30FEB1CDE761F765B910D3C2 /* ShareExtensionSupport.swift in Sources */,
				735940ACD507FDA270A98C8A /* SignupAvatarRenderer.swift in Sources */,
				C04E78ADA819629126E35CF0 /* VoiceMessageRecorder.swift in Sources */,
				9742C64E3D476EC0503A7C96 /* VoiceMessageView.swift in Sources */,
			);
			runOnlyForDeploymentPostprocessing = 0;
		};
/* End PBXSourcesBuildPhase section */

/* Begin PBXTargetDependency section */
		6CE8B51EC31C822E921BCAF5 /* PBXTargetDependency */ = {
			isa = PBXTargetDependency;
			target = FEC52B16CB2A21DB78546D16 /* KordiShareExtension */;
			targetProxy = 9EAA3CCB7C9725B0B2AB98EF /* PBXContainerItemProxy */;
		};
		D2D12118609DCAA88A4D9E57 /* PBXTargetDependency */ = {
			isa = PBXTargetDependency;
			target = D5F4FA76E42E729EF0631448 /* Kordi */;
			targetProxy = 6BB5479F0B7A82FBCEDBE99A /* PBXContainerItemProxy */;
		};
/* End PBXTargetDependency section */

/* Begin XCBuildConfiguration section */
		0B49E13ADB8C5ACCDCF4EDC1 /* Release */ = {
			isa = XCBuildConfiguration;
			buildSettings = {
				APNS_ENVIRONMENT = production;
				ASSETCATALOG_COMPILER_APPICON_NAME = AppIcon;
				ASSETCATALOG_COMPILER_GLOBAL_ACCENT_COLOR_NAME = AccentColor;
				CODE_SIGN_ENTITLEMENTS = Kordi/Supporting/Kordi.entitlements;
				CODE_SIGN_IDENTITY = "iPhone Developer";
				ENABLE_PREVIEWS = YES;
				GENERATE_INFOPLIST_FILE = NO;
				INFOPLIST_FILE = Kordi/Supporting/Info.plist;
				KORDI_APP_DISPLAY_NAME = Kordi;
				KORDI_CLOUD_BASE_URL = "https://kordi.ai";
				KORDI_DISTRIBUTION_CHANNEL = production;
				KORDI_OAUTH_CALLBACK_SCHEME = kordi;
				KORDI_SHARE_APP_GROUP = group.ai.kordi.share;
				KORDI_SHARE_CREDENTIAL_SERVICE = "ai.kordi.share-session";
				LD_RUNPATH_SEARCH_PATHS = (
					"$(inherited)",
					"@executable_path/Frameworks",
				);
				PRODUCT_BUNDLE_IDENTIFIER = ai.kordi.ios;
				PRODUCT_NAME = Kordi;
				SDKROOT = iphoneos;
				TARGETED_DEVICE_FAMILY = "1,2";
			};
			name = Release;
		};
		12C6E4C1BB8E7C5FD794C101 /* Release */ = {
			isa = XCBuildConfiguration;
			buildSettings = {
				APPLICATION_EXTENSION_API_ONLY = YES;
				CODE_SIGN_ENTITLEMENTS = KordiShareExtension/Supporting/KordiShareExtension.entitlements;
				GENERATE_INFOPLIST_FILE = NO;
				INFOPLIST_FILE = KordiShareExtension/Supporting/Info.plist;
				KORDI_CLOUD_BASE_URL = "https://kordi.ai";
				KORDI_DISTRIBUTION_CHANNEL = production;
				KORDI_OAUTH_CALLBACK_SCHEME = kordi;
				KORDI_SHARE_APP_GROUP = group.ai.kordi.share;
				KORDI_SHARE_CREDENTIAL_SERVICE = "ai.kordi.share-session";
				KORDI_SHARE_EXTENSION_DISPLAY_NAME = Kordi;
				LD_RUNPATH_SEARCH_PATHS = (
					"$(inherited)",
					"@executable_path/Frameworks",
					"@executable_path/../../Frameworks",
				);
				PRODUCT_BUNDLE_IDENTIFIER = ai.kordi.ios.share;
				PRODUCT_NAME = KordiShareExtension;
				SDKROOT = iphoneos;
				SKIP_INSTALL = YES;
				TARGETED_DEVICE_FAMILY = 1;
			};
			name = Release;
		};
		35E9704C0FF7E247A78B7EF9 /* Beta */ = {
			isa = XCBuildConfiguration;
			buildSettings = {
				BUNDLE_LOADER = "$(TEST_HOST)";
				GENERATE_INFOPLIST_FILE = YES;
				LD_RUNPATH_SEARCH_PATHS = (
					"$(inherited)",
					"@executable_path/Frameworks",
					"@loader_path/Frameworks",
				);
				PRODUCT_BUNDLE_IDENTIFIER = ai.kordi.ios.beta.tests;
				SDKROOT = iphoneos;
				TARGETED_DEVICE_FAMILY = "1,2";
				TEST_HOST = "$(BUILT_PRODUCTS_DIR)/Kordi.app/Kordi";
			};
			name = Beta;
		};
		47FCB9CE7212279DA23E88B3 /* Beta */ = {
			isa = XCBuildConfiguration;
			buildSettings = {
				ALWAYS_SEARCH_USER_PATHS = NO;
				CLANG_ANALYZER_NONNULL = YES;
				CLANG_ANALYZER_NUMBER_OBJECT_CONVERSION = YES_AGGRESSIVE;
				CLANG_CXX_LANGUAGE_STANDARD = "gnu++14";
				CLANG_CXX_LIBRARY = "libc++";
				CLANG_ENABLE_MODULES = YES;
				CLANG_ENABLE_OBJC_ARC = YES;
				CLANG_ENABLE_OBJC_WEAK = YES;
				CLANG_WARN_BLOCK_CAPTURE_AUTORELEASING = YES;
				CLANG_WARN_BOOL_CONVERSION = YES;
				CLANG_WARN_COMMA = YES;
				CLANG_WARN_CONSTANT_CONVERSION = YES;
				CLANG_WARN_DEPRECATED_OBJC_IMPLEMENTATIONS = YES;
				CLANG_WARN_DIRECT_OBJC_ISA_USAGE = YES_ERROR;
				CLANG_WARN_DOCUMENTATION_COMMENTS = YES;
				CLANG_WARN_EMPTY_BODY = YES;
				CLANG_WARN_ENUM_CONVERSION = YES;
				CLANG_WARN_INFINITE_RECURSION = YES;
				CLANG_WARN_INT_CONVERSION = YES;
				CLANG_WARN_NON_LITERAL_NULL_CONVERSION = YES;
				CLANG_WARN_OBJC_IMPLICIT_RETAIN_SELF = YES;
				CLANG_WARN_OBJC_LITERAL_CONVERSION = YES;
				CLANG_WARN_OBJC_ROOT_CLASS = YES_ERROR;
				CLANG_WARN_QUOTED_INCLUDE_IN_FRAMEWORK_HEADER = YES;
				CLANG_WARN_RANGE_LOOP_ANALYSIS = YES;
				CLANG_WARN_STRICT_PROTOTYPES = YES;
				CLANG_WARN_SUSPICIOUS_MOVE = YES;
				CLANG_WARN_UNGUARDED_AVAILABILITY = YES_AGGRESSIVE;
				CLANG_WARN_UNREACHABLE_CODE = YES;
				CLANG_WARN__DUPLICATE_METHOD_MATCH = YES;
				CODE_SIGN_STYLE = Automatic;
				COPY_PHASE_STRIP = NO;
				CURRENT_PROJECT_VERSION = 42;
				DEBUG_INFORMATION_FORMAT = dwarf;
				ENABLE_STRICT_OBJC_MSGSEND = YES;
				ENABLE_TESTABILITY = YES;
				GCC_C_LANGUAGE_STANDARD = gnu11;
				GCC_DYNAMIC_NO_PIC = NO;
				GCC_NO_COMMON_BLOCKS = YES;
				GCC_OPTIMIZATION_LEVEL = 0;
				GCC_PREPROCESSOR_DEFINITIONS = (
					"$(inherited)",
					"DEBUG=1",
				);
				GCC_WARN_64_TO_32_BIT_CONVERSION = YES;
				GCC_WARN_ABOUT_RETURN_TYPE = YES_ERROR;
				GCC_WARN_UNDECLARED_SELECTOR = YES;
				GCC_WARN_UNINITIALIZED_AUTOS = YES_AGGRESSIVE;
				GCC_WARN_UNUSED_FUNCTION = YES;
				GCC_WARN_UNUSED_VARIABLE = YES;
				IPHONEOS_DEPLOYMENT_TARGET = 17.0;
				MARKETING_VERSION = 0.0.1;
				MTL_ENABLE_DEBUG_INFO = INCLUDE_SOURCE;
				MTL_FAST_MATH = YES;
				ONLY_ACTIVE_ARCH = YES;
				PRODUCT_NAME = "$(TARGET_NAME)";
				SDKROOT = iphoneos;
				SUPPORTS_MACCATALYST = NO;
				SWIFT_ACTIVE_COMPILATION_CONDITIONS = DEBUG;
				SWIFT_OPTIMIZATION_LEVEL = "-Onone";
				SWIFT_VERSION = 5.0;
				TARGETED_DEVICE_FAMILY = 1;
			};
			name = Beta;
		};
		4C4D6333B1E9AF2DC9FB2F8D /* Debug */ = {
			isa = XCBuildConfiguration;
			buildSettings = {
				ALWAYS_SEARCH_USER_PATHS = NO;
				CLANG_ANALYZER_NONNULL = YES;
				CLANG_ANALYZER_NUMBER_OBJECT_CONVERSION = YES_AGGRESSIVE;
				CLANG_CXX_LANGUAGE_STANDARD = "gnu++14";
				CLANG_CXX_LIBRARY = "libc++";
				CLANG_ENABLE_MODULES = YES;
				CLANG_ENABLE_OBJC_ARC = YES;
				CLANG_ENABLE_OBJC_WEAK = YES;
				CLANG_WARN_BLOCK_CAPTURE_AUTORELEASING = YES;
				CLANG_WARN_BOOL_CONVERSION = YES;
				CLANG_WARN_COMMA = YES;
				CLANG_WARN_CONSTANT_CONVERSION = YES;
				CLANG_WARN_DEPRECATED_OBJC_IMPLEMENTATIONS = YES;
				CLANG_WARN_DIRECT_OBJC_ISA_USAGE = YES_ERROR;
				CLANG_WARN_DOCUMENTATION_COMMENTS = YES;
				CLANG_WARN_EMPTY_BODY = YES;
				CLANG_WARN_ENUM_CONVERSION = YES;
				CLANG_WARN_INFINITE_RECURSION = YES;
				CLANG_WARN_INT_CONVERSION = YES;
				CLANG_WARN_NON_LITERAL_NULL_CONVERSION = YES;
				CLANG_WARN_OBJC_IMPLICIT_RETAIN_SELF = YES;
				CLANG_WARN_OBJC_LITERAL_CONVERSION = YES;
				CLANG_WARN_OBJC_ROOT_CLASS = YES_ERROR;
				CLANG_WARN_QUOTED_INCLUDE_IN_FRAMEWORK_HEADER = YES;
				CLANG_WARN_RANGE_LOOP_ANALYSIS = YES;
				CLANG_WARN_STRICT_PROTOTYPES = YES;
				CLANG_WARN_SUSPICIOUS_MOVE = YES;
				CLANG_WARN_UNGUARDED_AVAILABILITY = YES_AGGRESSIVE;
				CLANG_WARN_UNREACHABLE_CODE = YES;
				CLANG_WARN__DUPLICATE_METHOD_MATCH = YES;
				CODE_SIGN_STYLE = Automatic;
				COPY_PHASE_STRIP = NO;
				CURRENT_PROJECT_VERSION = 42;
				DEBUG_INFORMATION_FORMAT = dwarf;
				ENABLE_STRICT_OBJC_MSGSEND = YES;
				ENABLE_TESTABILITY = YES;
				GCC_C_LANGUAGE_STANDARD = gnu11;
				GCC_DYNAMIC_NO_PIC = NO;
				GCC_NO_COMMON_BLOCKS = YES;
				GCC_OPTIMIZATION_LEVEL = 0;
				GCC_PREPROCESSOR_DEFINITIONS = (
					"$(inherited)",
					"DEBUG=1",
				);
				GCC_WARN_64_TO_32_BIT_CONVERSION = YES;
				GCC_WARN_ABOUT_RETURN_TYPE = YES_ERROR;
				GCC_WARN_UNDECLARED_SELECTOR = YES;
				GCC_WARN_UNINITIALIZED_AUTOS = YES_AGGRESSIVE;
				GCC_WARN_UNUSED_FUNCTION = YES;
				GCC_WARN_UNUSED_VARIABLE = YES;
				IPHONEOS_DEPLOYMENT_TARGET = 17.0;
				MARKETING_VERSION = 0.0.1;
				MTL_ENABLE_DEBUG_INFO = INCLUDE_SOURCE;
				MTL_FAST_MATH = YES;
				ONLY_ACTIVE_ARCH = YES;
				PRODUCT_NAME = "$(TARGET_NAME)";
				SDKROOT = iphoneos;
				SUPPORTS_MACCATALYST = NO;
				SWIFT_ACTIVE_COMPILATION_CONDITIONS = DEBUG;
				SWIFT_OPTIMIZATION_LEVEL = "-Onone";
				SWIFT_VERSION = 5.0;
				TARGETED_DEVICE_FAMILY = 1;
			};
			name = Debug;
		};
		6AB0357B3291CA57FEDBFAB8 /* Debug */ = {
			isa = XCBuildConfiguration;
			buildSettings = {
				APNS_ENVIRONMENT = development;
				ASSETCATALOG_COMPILER_APPICON_NAME = AppIcon;
				ASSETCATALOG_COMPILER_GLOBAL_ACCENT_COLOR_NAME = AccentColor;
				CODE_SIGN_ENTITLEMENTS = Kordi/Supporting/Kordi.entitlements;
				CODE_SIGN_IDENTITY = "iPhone Developer";
				ENABLE_PREVIEWS = YES;
				GENERATE_INFOPLIST_FILE = NO;
				INFOPLIST_FILE = Kordi/Supporting/Info.plist;
				KORDI_APP_DISPLAY_NAME = Kordi;
				KORDI_CLOUD_BASE_URL = "https://kordi.ai";
				KORDI_DISTRIBUTION_CHANNEL = production;
				KORDI_OAUTH_CALLBACK_SCHEME = kordi;
				KORDI_SHARE_APP_GROUP = group.ai.kordi.share;
				KORDI_SHARE_CREDENTIAL_SERVICE = "ai.kordi.share-session";
				LD_RUNPATH_SEARCH_PATHS = (
					"$(inherited)",
					"@executable_path/Frameworks",
				);
				PRODUCT_BUNDLE_IDENTIFIER = ai.kordi.ios;
				PRODUCT_NAME = Kordi;
				SDKROOT = iphoneos;
				TARGETED_DEVICE_FAMILY = "1,2";
			};
			name = Debug;
		};
		9A4F699B1401FE13437B8D67 /* Beta */ = {
			isa = XCBuildConfiguration;
			buildSettings = {
				APNS_ENVIRONMENT = development;
				ASSETCATALOG_COMPILER_APPICON_NAME = AppIconBeta;
				ASSETCATALOG_COMPILER_GLOBAL_ACCENT_COLOR_NAME = AccentColor;
				CODE_SIGN_ENTITLEMENTS = Kordi/Supporting/Kordi.entitlements;
				CODE_SIGN_IDENTITY = "iPhone Developer";
				ENABLE_PREVIEWS = YES;
				GENERATE_INFOPLIST_FILE = NO;
				INFOPLIST_FILE = Kordi/Supporting/Info.plist;
				KORDI_APP_DISPLAY_NAME = "Kordi Beta";
				KORDI_CLOUD_BASE_URL = "http://127.0.0.1:17081";
				KORDI_DISTRIBUTION_CHANNEL = beta;
				KORDI_OAUTH_CALLBACK_SCHEME = "kordi-beta";
				KORDI_SHARE_APP_GROUP = group.ai.kordi.beta.share;
				KORDI_SHARE_CREDENTIAL_SERVICE = "ai.kordi.beta.share-session";
				LD_RUNPATH_SEARCH_PATHS = (
					"$(inherited)",
					"@executable_path/Frameworks",
				);
				PRODUCT_BUNDLE_IDENTIFIER = ai.kordi.ios.beta;
				PRODUCT_NAME = Kordi;
				SDKROOT = iphoneos;
				SWIFT_ACTIVE_COMPILATION_CONDITIONS = "$(inherited) DEBUG BETA";
				TARGETED_DEVICE_FAMILY = "1,2";
			};
			name = Beta;
		};
		AD7C6CC6AEB6C6210C0E62E4 /* Release */ = {
			isa = XCBuildConfiguration;
			buildSettings = {
				BUNDLE_LOADER = "$(TEST_HOST)";
				GENERATE_INFOPLIST_FILE = YES;
				LD_RUNPATH_SEARCH_PATHS = (
					"$(inherited)",
					"@executable_path/Frameworks",
					"@loader_path/Frameworks",
				);
				PRODUCT_BUNDLE_IDENTIFIER = ai.kordi.ios.tests;
				SDKROOT = iphoneos;
				TARGETED_DEVICE_FAMILY = "1,2";
				TEST_HOST = "$(BUILT_PRODUCTS_DIR)/Kordi.app/Kordi";
			};
			name = Release;
		};
		C010BFAD09A0550DDFF67195 /* Debug */ = {
			isa = XCBuildConfiguration;
			buildSettings = {
				APPLICATION_EXTENSION_API_ONLY = YES;
				CODE_SIGN_ENTITLEMENTS = KordiShareExtension/Supporting/KordiShareExtension.entitlements;
				GENERATE_INFOPLIST_FILE = NO;
				INFOPLIST_FILE = KordiShareExtension/Supporting/Info.plist;
				KORDI_CLOUD_BASE_URL = "https://kordi.ai";
				KORDI_DISTRIBUTION_CHANNEL = production;
				KORDI_OAUTH_CALLBACK_SCHEME = kordi;
				KORDI_SHARE_APP_GROUP = group.ai.kordi.share;
				KORDI_SHARE_CREDENTIAL_SERVICE = "ai.kordi.share-session";
				KORDI_SHARE_EXTENSION_DISPLAY_NAME = Kordi;
				LD_RUNPATH_SEARCH_PATHS = (
					"$(inherited)",
					"@executable_path/Frameworks",
					"@executable_path/../../Frameworks",
				);
				PRODUCT_BUNDLE_IDENTIFIER = ai.kordi.ios.share;
				PRODUCT_NAME = KordiShareExtension;
				SDKROOT = iphoneos;
				SKIP_INSTALL = YES;
				TARGETED_DEVICE_FAMILY = 1;
			};
			name = Debug;
		};
		C50B548653CA84B7ADB4979F /* Release */ = {
			isa = XCBuildConfiguration;
			buildSettings = {
				ALWAYS_SEARCH_USER_PATHS = NO;
				CLANG_ANALYZER_NONNULL = YES;
				CLANG_ANALYZER_NUMBER_OBJECT_CONVERSION = YES_AGGRESSIVE;
				CLANG_CXX_LANGUAGE_STANDARD = "gnu++14";
				CLANG_CXX_LIBRARY = "libc++";
				CLANG_ENABLE_MODULES = YES;
				CLANG_ENABLE_OBJC_ARC = YES;
				CLANG_ENABLE_OBJC_WEAK = YES;
				CLANG_WARN_BLOCK_CAPTURE_AUTORELEASING = YES;
				CLANG_WARN_BOOL_CONVERSION = YES;
				CLANG_WARN_COMMA = YES;
				CLANG_WARN_CONSTANT_CONVERSION = YES;
				CLANG_WARN_DEPRECATED_OBJC_IMPLEMENTATIONS = YES;
				CLANG_WARN_DIRECT_OBJC_ISA_USAGE = YES_ERROR;
				CLANG_WARN_DOCUMENTATION_COMMENTS = YES;
				CLANG_WARN_EMPTY_BODY = YES;
				CLANG_WARN_ENUM_CONVERSION = YES;
				CLANG_WARN_INFINITE_RECURSION = YES;
				CLANG_WARN_INT_CONVERSION = YES;
				CLANG_WARN_NON_LITERAL_NULL_CONVERSION = YES;
				CLANG_WARN_OBJC_IMPLICIT_RETAIN_SELF = YES;
				CLANG_WARN_OBJC_LITERAL_CONVERSION = YES;
				CLANG_WARN_OBJC_ROOT_CLASS = YES_ERROR;
				CLANG_WARN_QUOTED_INCLUDE_IN_FRAMEWORK_HEADER = YES;
				CLANG_WARN_RANGE_LOOP_ANALYSIS = YES;
				CLANG_WARN_STRICT_PROTOTYPES = YES;
				CLANG_WARN_SUSPICIOUS_MOVE = YES;
				CLANG_WARN_UNGUARDED_AVAILABILITY = YES_AGGRESSIVE;
				CLANG_WARN_UNREACHABLE_CODE = YES;
				CLANG_WARN__DUPLICATE_METHOD_MATCH = YES;
				CODE_SIGN_STYLE = Automatic;
				COPY_PHASE_STRIP = NO;
				CURRENT_PROJECT_VERSION = 42;
				DEBUG_INFORMATION_FORMAT = "dwarf-with-dsym";
				ENABLE_NS_ASSERTIONS = NO;
				ENABLE_STRICT_OBJC_MSGSEND = YES;
				GCC_C_LANGUAGE_STANDARD = gnu11;
				GCC_NO_COMMON_BLOCKS = YES;
				GCC_WARN_64_TO_32_BIT_CONVERSION = YES;
				GCC_WARN_ABOUT_RETURN_TYPE = YES_ERROR;
				GCC_WARN_UNDECLARED_SELECTOR = YES;
				GCC_WARN_UNINITIALIZED_AUTOS = YES_AGGRESSIVE;
				GCC_WARN_UNUSED_FUNCTION = YES;
				GCC_WARN_UNUSED_VARIABLE = YES;
				IPHONEOS_DEPLOYMENT_TARGET = 17.0;
				MARKETING_VERSION = 0.0.1;
				MTL_ENABLE_DEBUG_INFO = NO;
				MTL_FAST_MATH = YES;
				PRODUCT_NAME = "$(TARGET_NAME)";
				SDKROOT = iphoneos;
				SUPPORTS_MACCATALYST = NO;
				SWIFT_COMPILATION_MODE = wholemodule;
				SWIFT_OPTIMIZATION_LEVEL = "-O";
				SWIFT_VERSION = 5.0;
				TARGETED_DEVICE_FAMILY = 1;
			};
			name = Release;
		};
		C73469ACBD346C0827D9B9B0 /* Debug */ = {
			isa = XCBuildConfiguration;
			buildSettings = {
				BUNDLE_LOADER = "$(TEST_HOST)";
				GENERATE_INFOPLIST_FILE = YES;
				LD_RUNPATH_SEARCH_PATHS = (
					"$(inherited)",
					"@executable_path/Frameworks",
					"@loader_path/Frameworks",
				);
				PRODUCT_BUNDLE_IDENTIFIER = ai.kordi.ios.tests;
				SDKROOT = iphoneos;
				TARGETED_DEVICE_FAMILY = "1,2";
				TEST_HOST = "$(BUILT_PRODUCTS_DIR)/Kordi.app/Kordi";
			};
			name = Debug;
		};
		F202FA0210166E965A934A66 /* Beta */ = {
			isa = XCBuildConfiguration;
			buildSettings = {
				APPLICATION_EXTENSION_API_ONLY = YES;
				CODE_SIGN_ENTITLEMENTS = KordiShareExtension/Supporting/KordiShareExtension.entitlements;
				GENERATE_INFOPLIST_FILE = NO;
				INFOPLIST_FILE = KordiShareExtension/Supporting/Info.plist;
				KORDI_CLOUD_BASE_URL = "http://127.0.0.1:17081";
				KORDI_DISTRIBUTION_CHANNEL = beta;
				KORDI_OAUTH_CALLBACK_SCHEME = "kordi-beta";
				KORDI_SHARE_APP_GROUP = group.ai.kordi.beta.share;
				KORDI_SHARE_CREDENTIAL_SERVICE = "ai.kordi.beta.share-session";
				KORDI_SHARE_EXTENSION_DISPLAY_NAME = "Kordi Beta";
				LD_RUNPATH_SEARCH_PATHS = (
					"$(inherited)",
					"@executable_path/Frameworks",
					"@executable_path/../../Frameworks",
				);
				PRODUCT_BUNDLE_IDENTIFIER = ai.kordi.ios.beta.share;
				PRODUCT_NAME = KordiShareExtension;
				SDKROOT = iphoneos;
				SKIP_INSTALL = YES;
				SWIFT_ACTIVE_COMPILATION_CONDITIONS = "$(inherited) DEBUG BETA";
				TARGETED_DEVICE_FAMILY = 1;
			};
			name = Beta;
		};
/* End XCBuildConfiguration section */

/* Begin XCConfigurationList section */
		4F16A02F5029C0F79DB873A0 /* Build configuration list for PBXNativeTarget "Kordi" */ = {
			isa = XCConfigurationList;
			buildConfigurations = (
				9A4F699B1401FE13437B8D67 /* Beta */,
				6AB0357B3291CA57FEDBFAB8 /* Debug */,
				0B49E13ADB8C5ACCDCF4EDC1 /* Release */,
			);
			defaultConfigurationIsVisible = 0;
			defaultConfigurationName = Debug;
		};
		6F694C41E13031974D09360F /* Build configuration list for PBXProject "Kordi" */ = {
			isa = XCConfigurationList;
			buildConfigurations = (
				47FCB9CE7212279DA23E88B3 /* Beta */,
				4C4D6333B1E9AF2DC9FB2F8D /* Debug */,
				C50B548653CA84B7ADB4979F /* Release */,
			);
			defaultConfigurationIsVisible = 0;
			defaultConfigurationName = Debug;
		};
		75E6C27B4C6C2F5B74D2CC83 /* Build configuration list for PBXNativeTarget "KordiShareExtension" */ = {
			isa = XCConfigurationList;
			buildConfigurations = (
				F202FA0210166E965A934A66 /* Beta */,
				C010BFAD09A0550DDFF67195 /* Debug */,
				12C6E4C1BB8E7C5FD794C101 /* Release */,
			);
			defaultConfigurationIsVisible = 0;
			defaultConfigurationName = Debug;
		};
		D98D284B41715E7364E72438 /* Build configuration list for PBXNativeTarget "KordiTests" */ = {
			isa = XCConfigurationList;
			buildConfigurations = (
				35E9704C0FF7E247A78B7EF9 /* Beta */,
				C73469ACBD346C0827D9B9B0 /* Debug */,
				AD7C6CC6AEB6C6210C0E62E4 /* Release */,
			);
			defaultConfigurationIsVisible = 0;
			defaultConfigurationName = Debug;
		};
/* End XCConfigurationList section */

/* Begin XCRemoteSwiftPackageReference section */
		721E797C5107E9715EF6D3A6 /* XCRemoteSwiftPackageReference "client-sdk-swift" */ = {
			isa = XCRemoteSwiftPackageReference;
			repositoryURL = "https://github.com/livekit/client-sdk-swift.git";
			requirement = {
				kind = upToNextMajorVersion;
				minimumVersion = 2.16.0;
			};
		};
/* End XCRemoteSwiftPackageReference section */

/* Begin XCSwiftPackageProductDependency section */
		07939B8DB3FE481325EF13B3 /* LiveKit */ = {
			isa = XCSwiftPackageProductDependency;
			package = 721E797C5107E9715EF6D3A6 /* XCRemoteSwiftPackageReference "client-sdk-swift" */;
			productName = LiveKit;
		};
/* End XCSwiftPackageProductDependency section */
	};
	rootObject = 2B713D82C9E5176BF299CFD8 /* Project object */;
}
